// !$*UTF8*$!
{
	archiveVersion = 1;
	classes = {
	};
	objectVersion = 48;
	objects = {

/* Begin PBXBuildFile section */
		38559E383283CE90564F368B /* libPods-MoreiTunesConnect_iOS_Extension.a in Frameworks */ = {isa = PBXBuildFile; fileRef = EA06BAC097CD0F7E464CAF45 /* libPods-MoreiTunesConnect_iOS_Extension.a */; };
		5F148A12A36CB24507D56CB2 /* libPods-MoreiTunesConnect_iOS.a in Frameworks */ = {isa = PBXBuildFile; fileRef = 7DFF428F05B8AD44BCE20F02 /* libPods-MoreiTunesConnect_iOS.a */; };
		92037533204BB3DB00E23339 /* MTCiTunesViewController.m in Sources */ = {isa = PBXBuildFile; fileRef = 92037532204BB3DB00E23339 /* MTCiTunesViewController.m */; };
		92037535204BB56800E23339 /* UIKit.framework in Frameworks */ = {isa = PBXBuildFile; fileRef = 92037534204BB56800E23339 /* UIKit.framework */; };
		92037537204BB56D00E23339 /* Foundation.framework in Frameworks */ = {isa = PBXBuildFile; fileRef = 92037536204BB56D00E23339 /* Foundation.framework */; };
		92037539204BB57500E23339 /* libsqlite3.tbd in Frameworks */ = {isa = PBXBuildFile; fileRef = 92037538204BB57500E23339 /* libsqlite3.tbd */; };
		9203753D204BB85900E23339 /* MTCiTunesView.m in Sources */ = {isa = PBXBuildFile; fileRef = 9203753C204BB85900E23339 /* MTCiTunesView.m */; };
		9203755F204BDC5A00E23339 /* MTCiTunesAppsCell.m in Sources */ = {isa = PBXBuildFile; fileRef = 9203755E204BDC5A00E23339 /* MTCiTunesAppsCell.m */; };
		920A8494205FAD6E002CFC21 /* MTCKPViewController.m in Sources */ = {isa = PBXBuildFile; fileRef = 920A8493205FAD6E002CFC21 /* MTCKPViewController.m */; };
		920A8499205FC20F002CFC21 /* MTCKPModel.m in Sources */ = {isa = PBXBuildFile; fileRef = 920A8498205FC20F002CFC21 /* MTCKPModel.m */; };
		920BB6182011FD8900B24CE1 /* MTCCreateAccountViewController.m in Sources */ = {isa = PBXBuildFile; fileRef = 920BB6172011FD8900B24CE1 /* MTCCreateAccountViewController.m */; };
		920BB61C2011FDC300B24CE1 /* MTCCreateAccountView.m in Sources */ = {isa = PBXBuildFile; fileRef = 920BB61B2011FDC300B24CE1 /* MTCCreateAccountView.m */; };
		920BB6202012015200B24CE1 /* MTCCreateAccountCell.m in Sources */ = {isa = PBXBuildFile; fileRef = 920BB61F2012015200B24CE1 /* MTCCreateAccountCell.m */; };
		92267CE7204F854200DF7F71 /* NotificationCenter.framework in Frameworks */ = {isa = PBXBuildFile; fileRef = 92267CE6204F854200DF7F71 /* NotificationCenter.framework */; };
		92267CEB204F854200DF7F71 /* MTCEiTunesViewController.m in Sources */ = {isa = PBXBuildFile; fileRef = 92267CEA204F854200DF7F71 /* MTCEiTunesViewController.m */; };
		92267CF2204F854200DF7F71 /* MoreiTunesConnect_iOS_Extension.appex in Embed App Extensions */ = {isa = PBXBuildFile; fileRef = 92267CE5204F854200DF7F71 /* MoreiTunesConnect_iOS_Extension.appex */; settings = {ATTRIBUTES = (RemoveHeadersOnCopy, ); }; };
		92267D20204F897F00DF7F71 /* NSString+Base64.m in Sources */ = {isa = PBXBuildFile; fileRef = 92267CFB204F897F00DF7F71 /* NSString+Base64.m */; };
		92267D21204F897F00DF7F71 /* NSMutableArray+DWExtension.m in Sources */ = {isa = PBXBuildFile; fileRef = 92267CFC204F897F00DF7F71 /* NSMutableArray+DWExtension.m */; };
		92267D22204F897F00DF7F71 /* UIView+DWExtension.m in Sources */ = {isa = PBXBuildFile; fileRef = 92267CFE204F897F00DF7F71 /* UIView+DWExtension.m */; };
		92267D26204F897F00DF7F71 /* NSArray+DWExtension.m in Sources */ = {isa = PBXBuildFile; fileRef = 92267D0A204F897F00DF7F71 /* NSArray+DWExtension.m */; };
		92267D27204F897F00DF7F71 /* NSString+DWExtension.m in Sources */ = {isa = PBXBuildFile; fileRef = 92267D0B204F897F00DF7F71 /* NSString+DWExtension.m */; };
		92267D29204F897F00DF7F71 /* NSDate+DWExtension.m in Sources */ = {isa = PBXBuildFile; fileRef = 92267D13204F897F00DF7F71 /* NSDate+DWExtension.m */; };
		92267D2B204F897F00DF7F71 /* Resources.bundle in Resources */ = {isa = PBXBuildFile; fileRef = 92267D16204F897F00DF7F71 /* Resources.bundle */; };
		92267D2C204F897F00DF7F71 /* NSData+CommonCrypto.m in Sources */ = {isa = PBXBuildFile; fileRef = 92267D19204F897F00DF7F71 /* NSData+CommonCrypto.m */; };
		92267D2D204F897F00DF7F71 /* NSArray+Log.m in Sources */ = {isa = PBXBuildFile; fileRef = 92267D1B204F897F00DF7F71 /* NSArray+Log.m */; };
		92267D2E204F897F00DF7F71 /* NSData+Base64.m in Sources */ = {isa = PBXBuildFile; fileRef = 92267D1D204F897F00DF7F71 /* NSData+Base64.m */; };
		92267D36204FA16500DF7F71 /* AESCrypt.m in Sources */ = {isa = PBXBuildFile; fileRef = 92267D34204FA16500DF7F71 /* AESCrypt.m */; };
		922B0550207319B9002D5928 /* MTCStatusCell.m in Sources */ = {isa = PBXBuildFile; fileRef = 922B054F207319B9002D5928 /* MTCStatusCell.m */; };
		9252DD86204FA68100A85D3E /* MTCSqlManager.m in Sources */ = {isa = PBXBuildFile; fileRef = 9252DD85204FA68100A85D3E /* MTCSqlManager.m */; };
		9252DD87204FA68100A85D3E /* MTCSqlManager.m in Sources */ = {isa = PBXBuildFile; fileRef = 9252DD85204FA68100A85D3E /* MTCSqlManager.m */; };
		9252DD8C204FB9A500A85D3E /* MTCSpecialModel.m in Sources */ = {isa = PBXBuildFile; fileRef = 9252DD8B204FB9A500A85D3E /* MTCSpecialModel.m */; };
		9252DD8D204FB9A500A85D3E /* MTCSpecialModel.m in Sources */ = {isa = PBXBuildFile; fileRef = 9252DD8B204FB9A500A85D3E /* MTCSpecialModel.m */; };
		9252DD90204FC88000A85D3E /* MTCiTunesAppsModel.m in Sources */ = {isa = PBXBuildFile; fileRef = 9252DD8F204FC88000A85D3E /* MTCiTunesAppsModel.m */; };
		9252DD91204FC88000A85D3E /* MTCiTunesAppsModel.m in Sources */ = {isa = PBXBuildFile; fileRef = 9252DD8F204FC88000A85D3E /* MTCiTunesAppsModel.m */; };
		9252DD94204FC8ED00A85D3E /* MTCNetwork.m in Sources */ = {isa = PBXBuildFile; fileRef = 9252DD93204FC8ED00A85D3E /* MTCNetwork.m */; };
		9252DD95204FC8ED00A85D3E /* MTCNetwork.m in Sources */ = {isa = PBXBuildFile; fileRef = 9252DD93204FC8ED00A85D3E /* MTCNetwork.m */; };
		9252DD9F204FCFF800A85D3E /* MTCEiTunesView.m in Sources */ = {isa = PBXBuildFile; fileRef = 9252DD9E204FCFF800A85D3E /* MTCEiTunesView.m */; };
		925DBAAB205158DE0048F767 /* JSPatchPlatform.framework in Frameworks */ = {isa = PBXBuildFile; fileRef = 925DBAAA205158DD0048F767 /* JSPatchPlatform.framework */; };
		925DBAAD205159080048F767 /* libz.tbd in Frameworks */ = {isa = PBXBuildFile; fileRef = 925DBAAC205159080048F767 /* libz.tbd */; };
		925DBAAF2051590E0048F767 /* JavaScriptCore.framework in Frameworks */ = {isa = PBXBuildFile; fileRef = 925DBAAE2051590E0048F767 /* JavaScriptCore.framework */; };
		926EA4A52014B779008F4554 /* MobileCoreServices.framework in Frameworks */ = {isa = PBXBuildFile; fileRef = 926EA4A42014B779008F4554 /* MobileCoreServices.framework */; };
		926EA4A92014C0F8008F4554 /* UITableViewCell+MTCExtension.m in Sources */ = {isa = PBXBuildFile; fileRef = 926EA4A82014C0F8008F4554 /* UITableViewCell+MTCExtension.m */; };
		926EA4AD2014E609008F4554 /* MTCAccountCell.m in Sources */ = {isa = PBXBuildFile; fileRef = 926EA4AC2014E609008F4554 /* MTCAccountCell.m */; };
		926EA4B62016180E008F4554 /* NSString+MTCExtenison.m in Sources */ = {isa = PBXBuildFile; fileRef = 926EA4B52016180E008F4554 /* NSString+MTCExtenison.m */; };
		92745CA5200E4FB3009DDF39 /* AppDelegate.m in Sources */ = {isa = PBXBuildFile; fileRef = 92745CA4200E4FB3009DDF39 /* AppDelegate.m */; };
		92745CAD200E4FB3009DDF39 /* Assets.xcassets in Resources */ = {isa = PBXBuildFile; fileRef = 92745CAC200E4FB3009DDF39 /* Assets.xcassets */; };
		92745CB3200E4FB3009DDF39 /* main.m in Sources */ = {isa = PBXBuildFile; fileRef = 92745CB2200E4FB3009DDF39 /* main.m */; };
		92745CBD200E5032009DDF39 /* Launch Screen.storyboard in Resources */ = {isa = PBXBuildFile; fileRef = 92745CBC200E5032009DDF39 /* Launch Screen.storyboard */; };
		9279AF9D2072312900C073CA /* MTCStatusViewController.m in Sources */ = {isa = PBXBuildFile; fileRef = 9279AF9C2072312900C073CA /* MTCStatusViewController.m */; };
		9279AFA1207238EE00C073CA /* MTCStatusModel.m in Sources */ = {isa = PBXBuildFile; fileRef = 9279AFA0207238EE00C073CA /* MTCStatusModel.m */; };
		9279AFA620724D7800C073CA /* MTCWKWebViewController.m in Sources */ = {isa = PBXBuildFile; fileRef = 9279AFA520724D7800C073CA /* MTCWKWebViewController.m */; };
		9279AFA920725B1E00C073CA /* MTCStatusView.m in Sources */ = {isa = PBXBuildFile; fileRef = 9279AFA820725B1E00C073CA /* MTCStatusView.m */; };
		927A12AC205BA90A003DAC3E /* MoreiTunesConnect_iOS_Extension.md in Resources */ = {isa = PBXBuildFile; fileRef = 927A12AB205BA90A003DAC3E /* MoreiTunesConnect_iOS_Extension.md */; };
		927A12BC205BF667003DAC3E /* MTCResolutionCenterViewController.m in Sources */ = {isa = PBXBuildFile; fileRef = 927A12BB205BF667003DAC3E /* MTCResolutionCenterViewController.m */; };
		927A12BF205BF898003DAC3E /* MTCResolutionCenterView.m in Sources */ = {isa = PBXBuildFile; fileRef = 927A12BE205BF898003DAC3E /* MTCResolutionCenterView.m */; };
		927A12C2205BF8A5003DAC3E /* MTCResolutionCenterModel.m in Sources */ = {isa = PBXBuildFile; fileRef = 927A12C1205BF8A5003DAC3E /* MTCResolutionCenterModel.m */; };
		928369A4206296A7005E6A5C /* MTCKPView.m in Sources */ = {isa = PBXBuildFile; fileRef = 928369A3206296A7005E6A5C /* MTCKPView.m */; };
		928CDDFD204D4E0A00544C92 /* MTCSetViewController.m in Sources */ = {isa = PBXBuildFile; fileRef = 928CDDFC204D4E0A00544C92 /* MTCSetViewController.m */; };
		928CDE01204D4E3C00544C92 /* MTCBaseTabBarViewController.m in Sources */ = {isa = PBXBuildFile; fileRef = 928CDE00204D4E3C00544C92 /* MTCBaseTabBarViewController.m */; };
		928CDE05204D6D0F00544C92 /* MTCSetView.m in Sources */ = {isa = PBXBuildFile; fileRef = 928CDE04204D6D0F00544C92 /* MTCSetView.m */; };
		92B7021F205D376E007B94C6 /* libonline.a in Frameworks */ = {isa = PBXBuildFile; fileRef = 92B7021C205D376E007B94C6 /* libonline.a */; };
		92B70220205D376E007B94C6 /* libbase.a in Frameworks */ = {isa = PBXBuildFile; fileRef = 92B7021E205D376E007B94C6 /* libbase.a */; };
		92B70222205D37B4007B94C6 /* CoreTelephony.framework in Frameworks */ = {isa = PBXBuildFile; fileRef = 92B70221205D37B4007B94C6 /* CoreTelephony.framework */; };
		92B70224205D37BD007B94C6 /* SystemConfiguration.framework in Frameworks */ = {isa = PBXBuildFile; fileRef = 92B70223205D37BD007B94C6 /* SystemConfiguration.framework */; };
		92B70226205D38DD007B94C6 /* AdSupport.framework in Frameworks */ = {isa = PBXBuildFile; fileRef = 92B70225205D38DD007B94C6 /* AdSupport.framework */; };
		92E79EEC200F9F8B002A2257 /* MTCBaseViewController.m in Sources */ = {isa = PBXBuildFile; fileRef = 92E79EEB200F9F8B002A2257 /* MTCBaseViewController.m */; };
		92E79EF1200FA10C002A2257 /* MTCBaseNavigationController.m in Sources */ = {isa = PBXBuildFile; fileRef = 92E79EF0200FA10C002A2257 /* MTCBaseNavigationController.m */; };
		92E79EF6200FA239002A2257 /* MTCAccountViewController.m in Sources */ = {isa = PBXBuildFile; fileRef = 92E79EF5200FA239002A2257 /* MTCAccountViewController.m */; };
		92E79EFA200FA29F002A2257 /* QMUIConfigurationTemplate.m in Sources */ = {isa = PBXBuildFile; fileRef = 92E79EF9200FA29F002A2257 /* QMUIConfigurationTemplate.m */; };
		92E79EFC200FAA8A002A2257 /* Resources.xcassets in Resources */ = {isa = PBXBuildFile; fileRef = 92E79EFB200FAA8A002A2257 /* Resources.xcassets */; };
		92E79F00200FADF2002A2257 /* MTCAccountView.m in Sources */ = {isa = PBXBuildFile; fileRef = 92E79EFF200FADF2002A2257 /* MTCAccountView.m */; };
		92E79F05200FAE3E002A2257 /* QMUITableView+MTCExtension.m in Sources */ = {isa = PBXBuildFile; fileRef = 92E79F04200FAE3E002A2257 /* QMUITableView+MTCExtension.m */; };
		92E79F09200FB562002A2257 /* MTCAccountModel.m in Sources */ = {isa = PBXBuildFile; fileRef = 92E79F08200FB562002A2257 /* MTCAccountModel.m */; };
		92F6A39820653A2B00984307 /* MTCNotFocusModel.m in Sources */ = {isa = PBXBuildFile; fileRef = 92F6A39720653A2B00984307 /* MTCNotFocusModel.m */; };
		92F6A39C20653A8900984307 /* MTCNotFocusViewController.m in Sources */ = {isa = PBXBuildFile; fileRef = 92F6A39B20653A8900984307 /* MTCNotFocusViewController.m */; };
		92F6A39E206543A800984307 /* Social.framework in Frameworks */ = {isa = PBXBuildFile; fileRef = 92F6A39D206543A800984307 /* Social.framework */; };
		92F6A3A2206543D500984307 /* MTCNotFocusView.m in Sources */ = {isa = PBXBuildFile; fileRef = 92F6A3A1206543D500984307 /* MTCNotFocusView.m */; };
		92F6A3A62065497400984307 /* MTCNotFocusCell.m in Sources */ = {isa = PBXBuildFile; fileRef = 92F6A3A52065497400984307 /* MTCNotFocusCell.m */; };
		92F6A3A920655BD700984307 /* MTCActivityViewController.m in Sources */ = {isa = PBXBuildFile; fileRef = 92F6A3A820655BD700984307 /* MTCActivityViewController.m */; };
/* End PBXBuildFile section */

/* Begin PBXContainerItemProxy section */
		92267CF0204F854200DF7F71 /* PBXContainerItemProxy */ = {
			isa = PBXContainerItemProxy;
			containerPortal = 92745C98200E4FB3009DDF39 /* Project object */;
			proxyType = 1;
			remoteGlobalIDString = 92267CE4204F854200DF7F71;
			remoteInfo = MoreiTunesConnect_iOS_Extension;
		};
/* End PBXContainerItemProxy section */

/* Begin PBXCopyFilesBuildPhase section */
		92267CCC204F840200DF7F71 /* Embed App Extensions */ = {
			isa = PBXCopyFilesBuildPhase;
			buildActionMask = 2147483647;
			dstPath = "";
			dstSubfolderSpec = 13;
			files = (
				92267CF2204F854200DF7F71 /* MoreiTunesConnect_iOS_Extension.appex in Embed App Extensions */,
			);
			name = "Embed App Extensions";
			runOnlyForDeploymentPostprocessing = 0;
		};
/* End PBXCopyFilesBuildPhase section */

/* Begin PBXFileReference section */
		0BC75BF6BC80414663D71F06 /* Pods-MoreiTunesConnect_iOS_Extension.release.xcconfig */ = {isa = PBXFileReference; includeInIndex = 1; lastKnownFileType = text.xcconfig; name = "Pods-MoreiTunesConnect_iOS_Extension.release.xcconfig"; path = "Pods/Target Support Files/Pods-MoreiTunesConnect_iOS_Extension/Pods-MoreiTunesConnect_iOS_Extension.release.xcconfig"; sourceTree = "<group>"; };
		7C37A0D4E8B9E660DB7699E3 /* Pods-MoreiTunesConnect_iOS_Extension.debug.xcconfig */ = {isa = PBXFileReference; includeInIndex = 1; lastKnownFileType = text.xcconfig; name = "Pods-MoreiTunesConnect_iOS_Extension.debug.xcconfig"; path = "Pods/Target Support Files/Pods-MoreiTunesConnect_iOS_Extension/Pods-MoreiTunesConnect_iOS_Extension.debug.xcconfig"; sourceTree = "<group>"; };
		7DFF428F05B8AD44BCE20F02 /* libPods-MoreiTunesConnect_iOS.a */ = {isa = PBXFileReference; explicitFileType = archive.ar; includeInIndex = 0; path = "libPods-MoreiTunesConnect_iOS.a"; sourceTree = BUILT_PRODUCTS_DIR; };
		92037531204BB3DB00E23339 /* MTCiTunesViewController.h */ = {isa = PBXFileReference; lastKnownFileType = sourcecode.c.h; path = MTCiTunesViewController.h; sourceTree = "<group>"; };
		92037532204BB3DB00E23339 /* MTCiTunesViewController.m */ = {isa = PBXFileReference; lastKnownFileType = sourcecode.c.objc; path = MTCiTunesViewController.m; sourceTree = "<group>"; };
		92037534204BB56800E23339 /* UIKit.framework */ = {isa = PBXFileReference; lastKnownFileType = wrapper.framework; name = UIKit.framework; path = System/Library/Frameworks/UIKit.framework; sourceTree = SDKROOT; };
		92037536204BB56D00E23339 /* Foundation.framework */ = {isa = PBXFileReference; lastKnownFileType = wrapper.framework; name = Foundation.framework; path = System/Library/Frameworks/Foundation.framework; sourceTree = SDKROOT; };
		92037538204BB57500E23339 /* libsqlite3.tbd */ = {isa = PBXFileReference; lastKnownFileType = "sourcecode.text-based-dylib-definition"; name = libsqlite3.tbd; path = usr/lib/libsqlite3.tbd; sourceTree = SDKROOT; };
		9203753B204BB85900E23339 /* MTCiTunesView.h */ = {isa = PBXFileReference; lastKnownFileType = sourcecode.c.h; path = MTCiTunesView.h; sourceTree = "<group>"; };
		9203753C204BB85900E23339 /* MTCiTunesView.m */ = {isa = PBXFileReference; lastKnownFileType = sourcecode.c.objc; path = MTCiTunesView.m; sourceTree = "<group>"; };
		9203755D204BDC5A00E23339 /* MTCiTunesAppsCell.h */ = {isa = PBXFileReference; lastKnownFileType = sourcecode.c.h; path = MTCiTunesAppsCell.h; sourceTree = "<group>"; };
		9203755E204BDC5A00E23339 /* MTCiTunesAppsCell.m */ = {isa = PBXFileReference; lastKnownFileType = sourcecode.c.objc; path = MTCiTunesAppsCell.m; sourceTree = "<group>"; };
		920A848B205D6608002CFC21 /* MTCKEY.h */ = {isa = PBXFileReference; lastKnownFileType = sourcecode.c.h; path = MTCKEY.h; sourceTree = "<group>"; };
		920A848C205D66A0002CFC21 /* MTCHOST.h */ = {isa = PBXFileReference; lastKnownFileType = sourcecode.c.h; path = MTCHOST.h; sourceTree = "<group>"; };
		920A8492205FAD6E002CFC21 /* MTCKPViewController.h */ = {isa = PBXFileReference; lastKnownFileType = sourcecode.c.h; path = MTCKPViewController.h; sourceTree = "<group>"; };
		920A8493205FAD6E002CFC21 /* MTCKPViewController.m */ = {isa = PBXFileReference; lastKnownFileType = sourcecode.c.objc; path = MTCKPViewController.m; sourceTree = "<group>"; };
		920A8497205FC20F002CFC21 /* MTCKPModel.h */ = {isa = PBXFileReference; lastKnownFileType = sourcecode.c.h; path = MTCKPModel.h; sourceTree = "<group>"; };
		920A8498205FC20F002CFC21 /* MTCKPModel.m */ = {isa = PBXFileReference; lastKnownFileType = sourcecode.c.objc; path = MTCKPModel.m; sourceTree = "<group>"; };
		920BB5F12011E91A00B24CE1 /* MTCOutPut.h */ = {isa = PBXFileReference; lastKnownFileType = sourcecode.c.h; path = MTCOutPut.h; sourceTree = "<group>"; };
		920BB6162011FD8900B24CE1 /* MTCCreateAccountViewController.h */ = {isa = PBXFileReference; lastKnownFileType = sourcecode.c.h; path = MTCCreateAccountViewController.h; sourceTree = "<group>"; };
		920BB6172011FD8900B24CE1 /* MTCCreateAccountViewController.m */ = {isa = PBXFileReference; lastKnownFileType = sourcecode.c.objc; path = MTCCreateAccountViewController.m; sourceTree = "<group>"; };
		920BB61A2011FDC300B24CE1 /* MTCCreateAccountView.h */ = {isa = PBXFileReference; lastKnownFileType = sourcecode.c.h; path = MTCCreateAccountView.h; sourceTree = "<group>"; };
		920BB61B2011FDC300B24CE1 /* MTCCreateAccountView.m */ = {isa = PBXFileReference; lastKnownFileType = sourcecode.c.objc; path = MTCCreateAccountView.m; sourceTree = "<group>"; };
		920BB61E2012015200B24CE1 /* MTCCreateAccountCell.h */ = {isa = PBXFileReference; lastKnownFileType = sourcecode.c.h; path = MTCCreateAccountCell.h; sourceTree = "<group>"; };
		920BB61F2012015200B24CE1 /* MTCCreateAccountCell.m */ = {isa = PBXFileReference; lastKnownFileType = sourcecode.c.objc; path = MTCCreateAccountCell.m; sourceTree = "<group>"; };
		92267CE5204F854200DF7F71 /* MoreiTunesConnect_iOS_Extension.appex */ = {isa = PBXFileReference; explicitFileType = "wrapper.app-extension"; includeInIndex = 0; path = MoreiTunesConnect_iOS_Extension.appex; sourceTree = BUILT_PRODUCTS_DIR; };
		92267CE6204F854200DF7F71 /* NotificationCenter.framework */ = {isa = PBXFileReference; lastKnownFileType = wrapper.framework; name = NotificationCenter.framework; path = System/Library/Frameworks/NotificationCenter.framework; sourceTree = SDKROOT; };
		92267CE9204F854200DF7F71 /* MTCEiTunesViewController.h */ = {isa = PBXFileReference; lastKnownFileType = sourcecode.c.h; path = MTCEiTunesViewController.h; sourceTree = "<group>"; };
		92267CEA204F854200DF7F71 /* MTCEiTunesViewController.m */ = {isa = PBXFileReference; lastKnownFileType = sourcecode.c.objc; path = MTCEiTunesViewController.m; sourceTree = "<group>"; };
		92267CEF204F854200DF7F71 /* Info.plist */ = {isa = PBXFileReference; lastKnownFileType = text.plist.xml; path = Info.plist; sourceTree = "<group>"; };
		92267CF6204F855300DF7F71 /* MoreiTunesConnect_iOS_Extension.entitlements */ = {isa = PBXFileReference; lastKnownFileType = text.plist.entitlements; path = MoreiTunesConnect_iOS_Extension.entitlements; sourceTree = "<group>"; };
		92267CF7204F855B00DF7F71 /* MoreiTunesConnect_iOS.entitlements */ = {isa = PBXFileReference; lastKnownFileType = text.plist.entitlements; path = MoreiTunesConnect_iOS.entitlements; sourceTree = "<group>"; };
		92267CFA204F897F00DF7F71 /* DWCategoryKit.h */ = {isa = PBXFileReference; fileEncoding = 4; lastKnownFileType = sourcecode.c.h; path = DWCategoryKit.h; sourceTree = "<group>"; };
		92267CFB204F897F00DF7F71 /* NSString+Base64.m */ = {isa = PBXFileReference; fileEncoding = 4; lastKnownFileType = sourcecode.c.objc; path = "NSString+Base64.m"; sourceTree = "<group>"; };
		92267CFC204F897F00DF7F71 /* NSMutableArray+DWExtension.m */ = {isa = PBXFileReference; fileEncoding = 4; lastKnownFileType = sourcecode.c.objc; path = "NSMutableArray+DWExtension.m"; sourceTree = "<group>"; };
		92267CFE204F897F00DF7F71 /* UIView+DWExtension.m */ = {isa = PBXFileReference; fileEncoding = 4; lastKnownFileType = sourcecode.c.objc; path = "UIView+DWExtension.m"; sourceTree = "<group>"; };
		92267D00204F897F00DF7F71 /* Frame.h */ = {isa = PBXFileReference; fileEncoding = 4; lastKnownFileType = sourcecode.c.h; path = Frame.h; sourceTree = "<group>"; };
		92267D02204F897F00DF7F71 /* NSDate+DWExtension.h */ = {isa = PBXFileReference; fileEncoding = 4; lastKnownFileType = sourcecode.c.h; path = "NSDate+DWExtension.h"; sourceTree = "<group>"; };
		92267D03204F897F00DF7F71 /* Color.h */ = {isa = PBXFileReference; fileEncoding = 4; lastKnownFileType = sourcecode.c.h; path = Color.h; sourceTree = "<group>"; };
		92267D06204F897F00DF7F71 /* NSData+Base64.h */ = {isa = PBXFileReference; fileEncoding = 4; lastKnownFileType = sourcecode.c.h; path = "NSData+Base64.h"; sourceTree = "<group>"; };
		92267D07204F897F00DF7F71 /* NSArray+Log.h */ = {isa = PBXFileReference; fileEncoding = 4; lastKnownFileType = sourcecode.c.h; path = "NSArray+Log.h"; sourceTree = "<group>"; };
		92267D08204F897F00DF7F71 /* NSData+CommonCrypto.h */ = {isa = PBXFileReference; fileEncoding = 4; lastKnownFileType = sourcecode.c.h; path = "NSData+CommonCrypto.h"; sourceTree = "<group>"; };
		92267D0A204F897F00DF7F71 /* NSArray+DWExtension.m */ = {isa = PBXFileReference; fileEncoding = 4; lastKnownFileType = sourcecode.c.objc; path = "NSArray+DWExtension.m"; sourceTree = "<group>"; };
		92267D0B204F897F00DF7F71 /* NSString+DWExtension.m */ = {isa = PBXFileReference; fileEncoding = 4; lastKnownFileType = sourcecode.c.objc; path = "NSString+DWExtension.m"; sourceTree = "<group>"; };
		92267D0C204F897F00DF7F71 /* DWOUTPUT.h */ = {isa = PBXFileReference; fileEncoding = 4; lastKnownFileType = sourcecode.c.h; path = DWOUTPUT.h; sourceTree = "<group>"; };
		92267D0E204F897F00DF7F71 /* UIView+DWExtension.h */ = {isa = PBXFileReference; fileEncoding = 4; lastKnownFileType = sourcecode.c.h; path = "UIView+DWExtension.h"; sourceTree = "<group>"; };
		92267D0F204F897F00DF7F71 /* NSMutableArray+DWExtension.h */ = {isa = PBXFileReference; fileEncoding = 4; lastKnownFileType = sourcecode.c.h; path = "NSMutableArray+DWExtension.h"; sourceTree = "<group>"; };
		92267D11204F897F00DF7F71 /* NSString+Base64.h */ = {isa = PBXFileReference; fileEncoding = 4; lastKnownFileType = sourcecode.c.h; path = "NSString+Base64.h"; sourceTree = "<group>"; };
		92267D12204F897F00DF7F71 /* Font.h */ = {isa = PBXFileReference; fileEncoding = 4; lastKnownFileType = sourcecode.c.h; path = Font.h; sourceTree = "<group>"; };
		92267D13204F897F00DF7F71 /* NSDate+DWExtension.m */ = {isa = PBXFileReference; fileEncoding = 4; lastKnownFileType = sourcecode.c.objc; path = "NSDate+DWExtension.m"; sourceTree = "<group>"; };
		92267D15204F897F00DF7F71 /* Property.h */ = {isa = PBXFileReference; fileEncoding = 4; lastKnownFileType = sourcecode.c.h; path = Property.h; sourceTree = "<group>"; };
		92267D16204F897F00DF7F71 /* Resources.bundle */ = {isa = PBXFileReference; lastKnownFileType = "wrapper.plug-in"; path = Resources.bundle; sourceTree = "<group>"; };
		92267D17204F897F00DF7F71 /* NSString+DWExtension.h */ = {isa = PBXFileReference; fileEncoding = 4; lastKnownFileType = sourcecode.c.h; path = "NSString+DWExtension.h"; sourceTree = "<group>"; };
		92267D18204F897F00DF7F71 /* NSArray+DWExtension.h */ = {isa = PBXFileReference; fileEncoding = 4; lastKnownFileType = sourcecode.c.h; path = "NSArray+DWExtension.h"; sourceTree = "<group>"; };
		92267D19204F897F00DF7F71 /* NSData+CommonCrypto.m */ = {isa = PBXFileReference; fileEncoding = 4; lastKnownFileType = sourcecode.c.objc; path = "NSData+CommonCrypto.m"; sourceTree = "<group>"; };
		92267D1B204F897F00DF7F71 /* NSArray+Log.m */ = {isa = PBXFileReference; fileEncoding = 4; lastKnownFileType = sourcecode.c.objc; path = "NSArray+Log.m"; sourceTree = "<group>"; };
		92267D1C204F897F00DF7F71 /* Image.h */ = {isa = PBXFileReference; fileEncoding = 4; lastKnownFileType = sourcecode.c.h; path = Image.h; sourceTree = "<group>"; };
		92267D1D204F897F00DF7F71 /* NSData+Base64.m */ = {isa = PBXFileReference; fileEncoding = 4; lastKnownFileType = sourcecode.c.objc; path = "NSData+Base64.m"; sourceTree = "<group>"; };
		92267D32204FA04800DF7F71 /* MoreiTunesConnect_iOS_Extension.pch */ = {isa = PBXFileReference; lastKnownFileType = sourcecode.c.h; path = MoreiTunesConnect_iOS_Extension.pch; sourceTree = "<group>"; };
		92267D33204FA0BC00DF7F71 /* MTCEHeader.h */ = {isa = PBXFileReference; lastKnownFileType = sourcecode.c.h; path = MTCEHeader.h; sourceTree = "<group>"; };
		92267D34204FA16500DF7F71 /* AESCrypt.m */ = {isa = PBXFileReference; fileEncoding = 4; lastKnownFileType = sourcecode.c.objc; path = AESCrypt.m; sourceTree = "<group>"; };
		92267D35204FA16500DF7F71 /* AESCrypt.h */ = {isa = PBXFileReference; fileEncoding = 4; lastKnownFileType = sourcecode.c.h; path = AESCrypt.h; sourceTree = "<group>"; };
		922B054E207319B9002D5928 /* MTCStatusCell.h */ = {isa = PBXFileReference; lastKnownFileType = sourcecode.c.h; path = MTCStatusCell.h; sourceTree = "<group>"; };
		922B054F207319B9002D5928 /* MTCStatusCell.m */ = {isa = PBXFileReference; lastKnownFileType = sourcecode.c.objc; path = MTCStatusCell.m; sourceTree = "<group>"; };
		9252DD84204FA68100A85D3E /* MTCSqlManager.h */ = {isa = PBXFileReference; fileEncoding = 4; lastKnownFileType = sourcecode.c.h; name = MTCSqlManager.h; path = MoreiTunesConnect_iOS/Utils/Sql/MTCSqlManager.h; sourceTree = SOURCE_ROOT; };
		9252DD85204FA68100A85D3E /* MTCSqlManager.m */ = {isa = PBXFileReference; fileEncoding = 4; lastKnownFileType = sourcecode.c.objc; name = MTCSqlManager.m; path = MoreiTunesConnect_iOS/Utils/Sql/MTCSqlManager.m; sourceTree = SOURCE_ROOT; };
		9252DD8A204FB9A500A85D3E /* MTCSpecialModel.h */ = {isa = PBXFileReference; lastKnownFileType = sourcecode.c.h; path = MTCSpecialModel.h; sourceTree = "<group>"; };
		9252DD8B204FB9A500A85D3E /* MTCSpecialModel.m */ = {isa = PBXFileReference; lastKnownFileType = sourcecode.c.objc; path = MTCSpecialModel.m; sourceTree = "<group>"; };
		9252DD8E204FC88000A85D3E /* MTCiTunesAppsModel.h */ = {isa = PBXFileReference; fileEncoding = 4; lastKnownFileType = sourcecode.c.h; path = MTCiTunesAppsModel.h; sourceTree = "<group>"; };
		9252DD8F204FC88000A85D3E /* MTCiTunesAppsModel.m */ = {isa = PBXFileReference; fileEncoding = 4; lastKnownFileType = sourcecode.c.objc; path = MTCiTunesAppsModel.m; sourceTree = "<group>"; };
		9252DD92204FC8ED00A85D3E /* MTCNetwork.h */ = {isa = PBXFileReference; fileEncoding = 4; lastKnownFileType = sourcecode.c.h; path = MTCNetwork.h; sourceTree = "<group>"; };
		9252DD93204FC8ED00A85D3E /* MTCNetwork.m */ = {isa = PBXFileReference; fileEncoding = 4; lastKnownFileType = sourcecode.c.objc; path = MTCNetwork.m; sourceTree = "<group>"; };
		9252DD9D204FCFF800A85D3E /* MTCEiTunesView.h */ = {isa = PBXFileReference; lastKnownFileType = sourcecode.c.h; path = MTCEiTunesView.h; sourceTree = "<group>"; };
		9252DD9E204FCFF800A85D3E /* MTCEiTunesView.m */ = {isa = PBXFileReference; lastKnownFileType = sourcecode.c.objc; path = MTCEiTunesView.m; sourceTree = "<group>"; };
		925DBAAA205158DD0048F767 /* JSPatchPlatform.framework */ = {isa = PBXFileReference; lastKnownFileType = wrapper.framework; path = JSPatchPlatform.framework; sourceTree = "<group>"; };
		925DBAAC205159080048F767 /* libz.tbd */ = {isa = PBXFileReference; lastKnownFileType = "sourcecode.text-based-dylib-definition"; name = libz.tbd; path = usr/lib/libz.tbd; sourceTree = SDKROOT; };
		925DBAAE2051590E0048F767 /* JavaScriptCore.framework */ = {isa = PBXFileReference; lastKnownFileType = wrapper.framework; name = JavaScriptCore.framework; path = System/Library/Frameworks/JavaScriptCore.framework; sourceTree = SDKROOT; };
		926EA4A42014B779008F4554 /* MobileCoreServices.framework */ = {isa = PBXFileReference; lastKnownFileType = wrapper.framework; name = MobileCoreServices.framework; path = System/Library/Frameworks/MobileCoreServices.framework; sourceTree = SDKROOT; };
		926EA4A72014C0F8008F4554 /* UITableViewCell+MTCExtension.h */ = {isa = PBXFileReference; lastKnownFileType = sourcecode.c.h; path = "UITableViewCell+MTCExtension.h"; sourceTree = "<group>"; };
		926EA4A82014C0F8008F4554 /* UITableViewCell+MTCExtension.m */ = {isa = PBXFileReference; lastKnownFileType = sourcecode.c.objc; path = "UITableViewCell+MTCExtension.m"; sourceTree = "<group>"; };
		926EA4AB2014E609008F4554 /* MTCAccountCell.h */ = {isa = PBXFileReference; lastKnownFileType = sourcecode.c.h; path = MTCAccountCell.h; sourceTree = "<group>"; };
		926EA4AC2014E609008F4554 /* MTCAccountCell.m */ = {isa = PBXFileReference; lastKnownFileType = sourcecode.c.objc; path = MTCAccountCell.m; sourceTree = "<group>"; };
		926EA4B42016180E008F4554 /* NSString+MTCExtenison.h */ = {isa = PBXFileReference; lastKnownFileType = sourcecode.c.h; path = "NSString+MTCExtenison.h"; sourceTree = "<group>"; };
		926EA4B52016180E008F4554 /* NSString+MTCExtenison.m */ = {isa = PBXFileReference; lastKnownFileType = sourcecode.c.objc; path = "NSString+MTCExtenison.m"; sourceTree = "<group>"; };
		92745CA0200E4FB3009DDF39 /* MoreiTunesConnect_iOS.app */ = {isa = PBXFileReference; explicitFileType = wrapper.application; includeInIndex = 0; path = MoreiTunesConnect_iOS.app; sourceTree = BUILT_PRODUCTS_DIR; };
		92745CA3200E4FB3009DDF39 /* AppDelegate.h */ = {isa = PBXFileReference; lastKnownFileType = sourcecode.c.h; path = AppDelegate.h; sourceTree = "<group>"; };
		92745CA4200E4FB3009DDF39 /* AppDelegate.m */ = {isa = PBXFileReference; lastKnownFileType = sourcecode.c.objc; path = AppDelegate.m; sourceTree = "<group>"; };
		92745CAC200E4FB3009DDF39 /* Assets.xcassets */ = {isa = PBXFileReference; lastKnownFileType = folder.assetcatalog; path = Assets.xcassets; sourceTree = "<group>"; };
		92745CB1200E4FB3009DDF39 /* Info.plist */ = {isa = PBXFileReference; lastKnownFileType = text.plist.xml; path = Info.plist; sourceTree = "<group>"; };
		92745CB2200E4FB3009DDF39 /* main.m */ = {isa = PBXFileReference; lastKnownFileType = sourcecode.c.objc; path = main.m; sourceTree = "<group>"; };
		92745CBC200E5032009DDF39 /* Launch Screen.storyboard */ = {isa = PBXFileReference; lastKnownFileType = file.storyboard; path = "Launch Screen.storyboard"; sourceTree = "<group>"; };
		92745CC0200E50C9009DDF39 /* MoreiTunesConnect-README.md */ = {isa = PBXFileReference; lastKnownFileType = net.daringfireball.markdown; path = "MoreiTunesConnect-README.md"; sourceTree = "<group>"; };
		9279AF9B2072312900C073CA /* MTCStatusViewController.h */ = {isa = PBXFileReference; lastKnownFileType = sourcecode.c.h; path = MTCStatusViewController.h; sourceTree = "<group>"; };
		9279AF9C2072312900C073CA /* MTCStatusViewController.m */ = {isa = PBXFileReference; lastKnownFileType = sourcecode.c.objc; path = MTCStatusViewController.m; sourceTree = "<group>"; };
		9279AF9F207238EE00C073CA /* MTCStatusModel.h */ = {isa = PBXFileReference; lastKnownFileType = sourcecode.c.h; path = MTCStatusModel.h; sourceTree = "<group>"; };
		9279AFA0207238EE00C073CA /* MTCStatusModel.m */ = {isa = PBXFileReference; lastKnownFileType = sourcecode.c.objc; path = MTCStatusModel.m; sourceTree = "<group>"; };
		9279AFA420724D7800C073CA /* MTCWKWebViewController.h */ = {isa = PBXFileReference; lastKnownFileType = sourcecode.c.h; path = MTCWKWebViewController.h; sourceTree = "<group>"; };
		9279AFA520724D7800C073CA /* MTCWKWebViewController.m */ = {isa = PBXFileReference; lastKnownFileType = sourcecode.c.objc; path = MTCWKWebViewController.m; sourceTree = "<group>"; };
		9279AFA720725B1E00C073CA /* MTCStatusView.h */ = {isa = PBXFileReference; lastKnownFileType = sourcecode.c.h; path = MTCStatusView.h; sourceTree = "<group>"; };
		9279AFA820725B1E00C073CA /* MTCStatusView.m */ = {isa = PBXFileReference; lastKnownFileType = sourcecode.c.objc; path = MTCStatusView.m; sourceTree = "<group>"; };
		927A12AB205BA90A003DAC3E /* MoreiTunesConnect_iOS_Extension.md */ = {isa = PBXFileReference; lastKnownFileType = net.daringfireball.markdown; path = MoreiTunesConnect_iOS_Extension.md; sourceTree = "<group>"; };
		927A12BA205BF667003DAC3E /* MTCResolutionCenterViewController.h */ = {isa = PBXFileReference; lastKnownFileType = sourcecode.c.h; path = MTCResolutionCenterViewController.h; sourceTree = "<group>"; };
		927A12BB205BF667003DAC3E /* MTCResolutionCenterViewController.m */ = {isa = PBXFileReference; lastKnownFileType = sourcecode.c.objc; path = MTCResolutionCenterViewController.m; sourceTree = "<group>"; };
		927A12BD205BF898003DAC3E /* MTCResolutionCenterView.h */ = {isa = PBXFileReference; lastKnownFileType = sourcecode.c.h; path = MTCResolutionCenterView.h; sourceTree = "<group>"; };
		927A12BE205BF898003DAC3E /* MTCResolutionCenterView.m */ = {isa = PBXFileReference; lastKnownFileType = sourcecode.c.objc; path = MTCResolutionCenterView.m; sourceTree = "<group>"; };
		927A12C0205BF8A5003DAC3E /* MTCResolutionCenterModel.h */ = {isa = PBXFileReference; lastKnownFileType = sourcecode.c.h; path = MTCResolutionCenterModel.h; sourceTree = "<group>"; };
		927A12C1205BF8A5003DAC3E /* MTCResolutionCenterModel.m */ = {isa = PBXFileReference; lastKnownFileType = sourcecode.c.objc; path = MTCResolutionCenterModel.m; sourceTree = "<group>"; };
		928369A2206296A7005E6A5C /* MTCKPView.h */ = {isa = PBXFileReference; lastKnownFileType = sourcecode.c.h; path = MTCKPView.h; sourceTree = "<group>"; };
		928369A3206296A7005E6A5C /* MTCKPView.m */ = {isa = PBXFileReference; lastKnownFileType = sourcecode.c.objc; path = MTCKPView.m; sourceTree = "<group>"; };
		928CDDFB204D4E0A00544C92 /* MTCSetViewController.h */ = {isa = PBXFileReference; lastKnownFileType = sourcecode.c.h; path = MTCSetViewController.h; sourceTree = "<group>"; };
		928CDDFC204D4E0A00544C92 /* MTCSetViewController.m */ = {isa = PBXFileReference; lastKnownFileType = sourcecode.c.objc; path = MTCSetViewController.m; sourceTree = "<group>"; };
		928CDDFF204D4E3C00544C92 /* MTCBaseTabBarViewController.h */ = {isa = PBXFileReference; lastKnownFileType = sourcecode.c.h; path = MTCBaseTabBarViewController.h; sourceTree = "<group>"; };
		928CDE00204D4E3C00544C92 /* MTCBaseTabBarViewController.m */ = {isa = PBXFileReference; lastKnownFileType = sourcecode.c.objc; path = MTCBaseTabBarViewController.m; sourceTree = "<group>"; };
		928CDE03204D6D0F00544C92 /* MTCSetView.h */ = {isa = PBXFileReference; lastKnownFileType = sourcecode.c.h; path = MTCSetView.h; sourceTree = "<group>"; };
		928CDE04204D6D0F00544C92 /* MTCSetView.m */ = {isa = PBXFileReference; lastKnownFileType = sourcecode.c.objc; path = MTCSetView.m; sourceTree = "<group>"; };
		92B7021C205D376E007B94C6 /* libonline.a */ = {isa = PBXFileReference; lastKnownFileType = archive.ar; path = libonline.a; sourceTree = "<group>"; };
		92B7021D205D376E007B94C6 /* FanYiSDK.h */ = {isa = PBXFileReference; fileEncoding = 4; lastKnownFileType = sourcecode.c.h; path = FanYiSDK.h; sourceTree = "<group>"; };
		92B7021E205D376E007B94C6 /* libbase.a */ = {isa = PBXFileReference; lastKnownFileType = archive.ar; path = libbase.a; sourceTree = "<group>"; };
		92B70221205D37B4007B94C6 /* CoreTelephony.framework */ = {isa = PBXFileReference; lastKnownFileType = wrapper.framework; name = CoreTelephony.framework; path = System/Library/Frameworks/CoreTelephony.framework; sourceTree = SDKROOT; };
		92B70223205D37BD007B94C6 /* SystemConfiguration.framework */ = {isa = PBXFileReference; lastKnownFileType = wrapper.framework; name = SystemConfiguration.framework; path = System/Library/Frameworks/SystemConfiguration.framework; sourceTree = SDKROOT; };
		92B70225205D38DD007B94C6 /* AdSupport.framework */ = {isa = PBXFileReference; lastKnownFileType = wrapper.framework; name = AdSupport.framework; path = System/Library/Frameworks/AdSupport.framework; sourceTree = SDKROOT; };
		92E79EE8200F9D82002A2257 /* MoreiTunesConnect_iOS.pch */ = {isa = PBXFileReference; lastKnownFileType = sourcecode.c.h; path = MoreiTunesConnect_iOS.pch; sourceTree = "<group>"; };
		92E79EEA200F9F8B002A2257 /* MTCBaseViewController.h */ = {isa = PBXFileReference; lastKnownFileType = sourcecode.c.h; path = MTCBaseViewController.h; sourceTree = "<group>"; };
		92E79EEB200F9F8B002A2257 /* MTCBaseViewController.m */ = {isa = PBXFileReference; lastKnownFileType = sourcecode.c.objc; path = MTCBaseViewController.m; sourceTree = "<group>"; };
		92E79EED200FA075002A2257 /* MTCHeader.h */ = {isa = PBXFileReference; lastKnownFileType = sourcecode.c.h; path = MTCHeader.h; sourceTree = "<group>"; };
		92E79EEF200FA10C002A2257 /* MTCBaseNavigationController.h */ = {isa = PBXFileReference; lastKnownFileType = sourcecode.c.h; path = MTCBaseNavigationController.h; sourceTree = "<group>"; };
		92E79EF0200FA10C002A2257 /* MTCBaseNavigationController.m */ = {isa = PBXFileReference; lastKnownFileType = sourcecode.c.objc; path = MTCBaseNavigationController.m; sourceTree = "<group>"; };
		92E79EF4200FA239002A2257 /* MTCAccountViewController.h */ = {isa = PBXFileReference; lastKnownFileType = sourcecode.c.h; path = MTCAccountViewController.h; sourceTree = "<group>"; };
		92E79EF5200FA239002A2257 /* MTCAccountViewController.m */ = {isa = PBXFileReference; lastKnownFileType = sourcecode.c.objc; path = MTCAccountViewController.m; sourceTree = "<group>"; };
		92E79EF8200FA29F002A2257 /* QMUIConfigurationTemplate.h */ = {isa = PBXFileReference; lastKnownFileType = sourcecode.c.h; path = QMUIConfigurationTemplate.h; sourceTree = "<group>"; };
		92E79EF9200FA29F002A2257 /* QMUIConfigurationTemplate.m */ = {isa = PBXFileReference; lastKnownFileType = sourcecode.c.objc; path = QMUIConfigurationTemplate.m; sourceTree = "<group>"; };
		92E79EFB200FAA8A002A2257 /* Resources.xcassets */ = {isa = PBXFileReference; lastKnownFileType = folder.assetcatalog; path = Resources.xcassets; sourceTree = "<group>"; };
		92E79EFE200FADF2002A2257 /* MTCAccountView.h */ = {isa = PBXFileReference; lastKnownFileType = sourcecode.c.h; path = MTCAccountView.h; sourceTree = "<group>"; };
		92E79EFF200FADF2002A2257 /* MTCAccountView.m */ = {isa = PBXFileReference; lastKnownFileType = sourcecode.c.objc; path = MTCAccountView.m; sourceTree = "<group>"; };
		92E79F03200FAE3E002A2257 /* QMUITableView+MTCExtension.h */ = {isa = PBXFileReference; lastKnownFileType = sourcecode.c.h; path = "QMUITableView+MTCExtension.h"; sourceTree = "<group>"; };
		92E79F04200FAE3E002A2257 /* QMUITableView+MTCExtension.m */ = {isa = PBXFileReference; lastKnownFileType = sourcecode.c.objc; path = "QMUITableView+MTCExtension.m"; sourceTree = "<group>"; };
		92E79F07200FB562002A2257 /* MTCAccountModel.h */ = {isa = PBXFileReference; lastKnownFileType = sourcecode.c.h; path = MTCAccountModel.h; sourceTree = "<group>"; };
		92E79F08200FB562002A2257 /* MTCAccountModel.m */ = {isa = PBXFileReference; lastKnownFileType = sourcecode.c.objc; path = MTCAccountModel.m; sourceTree = "<group>"; };
		92F6A39620653A2B00984307 /* MTCNotFocusModel.h */ = {isa = PBXFileReference; lastKnownFileType = sourcecode.c.h; path = MTCNotFocusModel.h; sourceTree = "<group>"; };
		92F6A39720653A2B00984307 /* MTCNotFocusModel.m */ = {isa = PBXFileReference; lastKnownFileType = sourcecode.c.objc; path = MTCNotFocusModel.m; sourceTree = "<group>"; };
		92F6A39A20653A8900984307 /* MTCNotFocusViewController.h */ = {isa = PBXFileReference; lastKnownFileType = sourcecode.c.h; path = MTCNotFocusViewController.h; sourceTree = "<group>"; };
		92F6A39B20653A8900984307 /* MTCNotFocusViewController.m */ = {isa = PBXFileReference; lastKnownFileType = sourcecode.c.objc; path = MTCNotFocusViewController.m; sourceTree = "<group>"; };
		92F6A39D206543A800984307 /* Social.framework */ = {isa = PBXFileReference; lastKnownFileType = wrapper.framework; name = Social.framework; path = System/Library/Frameworks/Social.framework; sourceTree = SDKROOT; };
		92F6A3A0206543D500984307 /* MTCNotFocusView.h */ = {isa = PBXFileReference; lastKnownFileType = sourcecode.c.h; path = MTCNotFocusView.h; sourceTree = "<group>"; };
		92F6A3A1206543D500984307 /* MTCNotFocusView.m */ = {isa = PBXFileReference; lastKnownFileType = sourcecode.c.objc; path = MTCNotFocusView.m; sourceTree = "<group>"; };
		92F6A3A42065497400984307 /* MTCNotFocusCell.h */ = {isa = PBXFileReference; lastKnownFileType = sourcecode.c.h; path = MTCNotFocusCell.h; sourceTree = "<group>"; };
		92F6A3A52065497400984307 /* MTCNotFocusCell.m */ = {isa = PBXFileReference; lastKnownFileType = sourcecode.c.objc; path = MTCNotFocusCell.m; sourceTree = "<group>"; };
		92F6A3A720655BD700984307 /* MTCActivityViewController.h */ = {isa = PBXFileReference; lastKnownFileType = sourcecode.c.h; path = MTCActivityViewController.h; sourceTree = "<group>"; };
		92F6A3A820655BD700984307 /* MTCActivityViewController.m */ = {isa = PBXFileReference; lastKnownFileType = sourcecode.c.objc; path = MTCActivityViewController.m; sourceTree = "<group>"; };
		A523B738FAE7FC83A6317D77 /* Pods-MoreiTunesConnect_iOS.debug.xcconfig */ = {isa = PBXFileReference; includeInIndex = 1; lastKnownFileType = text.xcconfig; name = "Pods-MoreiTunesConnect_iOS.debug.xcconfig"; path = "Pods/Target Support Files/Pods-MoreiTunesConnect_iOS/Pods-MoreiTunesConnect_iOS.debug.xcconfig"; sourceTree = "<group>"; };
		A6EA84047DE158182FBD0265 /* Pods-MoreiTunesConnect_iOS.release.xcconfig */ = {isa = PBXFileReference; includeInIndex = 1; lastKnownFileType = text.xcconfig; name = "Pods-MoreiTunesConnect_iOS.release.xcconfig"; path = "Pods/Target Support Files/Pods-MoreiTunesConnect_iOS/Pods-MoreiTunesConnect_iOS.release.xcconfig"; sourceTree = "<group>"; };
		EA06BAC097CD0F7E464CAF45 /* libPods-MoreiTunesConnect_iOS_Extension.a */ = {isa = PBXFileReference; explicitFileType = archive.ar; includeInIndex = 0; path = "libPods-MoreiTunesConnect_iOS_Extension.a"; sourceTree = BUILT_PRODUCTS_DIR; };
/* End PBXFileReference section */

/* Begin PBXFrameworksBuildPhase section */
		92267CE2204F854200DF7F71 /* Frameworks */ = {
			isa = PBXFrameworksBuildPhase;
			buildActionMask = 2147483647;
			files = (
				92267CE7204F854200DF7F71 /* NotificationCenter.framework in Frameworks */,
				38559E383283CE90564F368B /* libPods-MoreiTunesConnect_iOS_Extension.a in Frameworks */,
			);
			runOnlyForDeploymentPostprocessing = 0;
		};
		92745C9D200E4FB3009DDF39 /* Frameworks */ = {
			isa = PBXFrameworksBuildPhase;
			buildActionMask = 2147483647;
			files = (
				925DBAAD205159080048F767 /* libz.tbd in Frameworks */,
				92B70220205D376E007B94C6 /* libbase.a in Frameworks */,
				92B7021F205D376E007B94C6 /* libonline.a in Frameworks */,
				92037539204BB57500E23339 /* libsqlite3.tbd in Frameworks */,
				92037535204BB56800E23339 /* UIKit.framework in Frameworks */,
				92F6A39E206543A800984307 /* Social.framework in Frameworks */,
				92B70226205D38DD007B94C6 /* AdSupport.framework in Frameworks */,
				92037537204BB56D00E23339 /* Foundation.framework in Frameworks */,
				92B70222205D37B4007B94C6 /* CoreTelephony.framework in Frameworks */,
				925DBAAF2051590E0048F767 /* JavaScriptCore.framework in Frameworks */,
				925DBAAB205158DE0048F767 /* JSPatchPlatform.framework in Frameworks */,
				926EA4A52014B779008F4554 /* MobileCoreServices.framework in Frameworks */,
				92B70224205D37BD007B94C6 /* SystemConfiguration.framework in Frameworks */,
				5F148A12A36CB24507D56CB2 /* libPods-MoreiTunesConnect_iOS.a in Frameworks */,
			);
			runOnlyForDeploymentPostprocessing = 0;
		};
/* End PBXFrameworksBuildPhase section */

/* Begin PBXGroup section */
		9203753A204BB84100E23339 /* View */ = {
			isa = PBXGroup;
			children = (
				9203755C204BDC3C00E23339 /* Cell */,
				9203753B204BB85900E23339 /* MTCiTunesView.h */,
				9203753C204BB85900E23339 /* MTCiTunesView.m */,
			);
			path = View;
			sourceTree = "<group>";
		};
		9203753E204BCCD500E23339 /* Model */ = {
			isa = PBXGroup;
			children = (
				9252DD8E204FC88000A85D3E /* MTCiTunesAppsModel.h */,
				9252DD8F204FC88000A85D3E /* MTCiTunesAppsModel.m */,
			);
			path = Model;
			sourceTree = "<group>";
		};
		9203755C204BDC3C00E23339 /* Cell */ = {
			isa = PBXGroup;
			children = (
				9203755D204BDC5A00E23339 /* MTCiTunesAppsCell.h */,
				9203755E204BDC5A00E23339 /* MTCiTunesAppsCell.m */,
			);
			path = Cell;
			sourceTree = "<group>";
		};
		92037579204C1A3D00E23339 /* Network */ = {
			isa = PBXGroup;
			children = (
				9252DD92204FC8ED00A85D3E /* MTCNetwork.h */,
				9252DD93204FC8ED00A85D3E /* MTCNetwork.m */,
			);
			path = Network;
			sourceTree = "<group>";
		};
		920A8490205FAD0E002CFC21 /* Keyword&Preview */ = {
			isa = PBXGroup;
			children = (
				920A8496205FC200002CFC21 /* Model */,
				920A8495205FAD83002CFC21 /* View */,
				920A8491205FAD59002CFC21 /* Controller */,
			);
			path = "Keyword&Preview";
			sourceTree = "<group>";
		};
		920A8491205FAD59002CFC21 /* Controller */ = {
			isa = PBXGroup;
			children = (
				920A8492205FAD6E002CFC21 /* MTCKPViewController.h */,
				920A8493205FAD6E002CFC21 /* MTCKPViewController.m */,
			);
			path = Controller;
			sourceTree = "<group>";
		};
		920A8495205FAD83002CFC21 /* View */ = {
			isa = PBXGroup;
			children = (
				928369A2206296A7005E6A5C /* MTCKPView.h */,
				928369A3206296A7005E6A5C /* MTCKPView.m */,
			);
			path = View;
			sourceTree = "<group>";
		};
		920A8496205FC200002CFC21 /* Model */ = {
			isa = PBXGroup;
			children = (
				920A8497205FC20F002CFC21 /* MTCKPModel.h */,
				920A8498205FC20F002CFC21 /* MTCKPModel.m */,
			);
			path = Model;
			sourceTree = "<group>";
		};
		920BB6102011FA2700B24CE1 /* Sql */ = {
			isa = PBXGroup;
			children = (
				9252DD84204FA68100A85D3E /* MTCSqlManager.h */,
				9252DD85204FA68100A85D3E /* MTCSqlManager.m */,
			);
			path = Sql;
			sourceTree = "<group>";
		};
		920BB6142011FD3D00B24CE1 /* CreateAccount */ = {
			isa = PBXGroup;
			children = (
				920BB6192011FDAD00B24CE1 /* View */,
				920BB6152011FD7700B24CE1 /* Controller */,
			);
			path = CreateAccount;
			sourceTree = "<group>";
		};
		920BB6152011FD7700B24CE1 /* Controller */ = {
			isa = PBXGroup;
			children = (
				920BB6162011FD8900B24CE1 /* MTCCreateAccountViewController.h */,
				920BB6172011FD8900B24CE1 /* MTCCreateAccountViewController.m */,
			);
			path = Controller;
			sourceTree = "<group>";
		};
		920BB6192011FDAD00B24CE1 /* View */ = {
			isa = PBXGroup;
			children = (
				920BB61D2012014100B24CE1 /* Cell */,
				920BB61A2011FDC300B24CE1 /* MTCCreateAccountView.h */,
				920BB61B2011FDC300B24CE1 /* MTCCreateAccountView.m */,
			);
			path = View;
			sourceTree = "<group>";
		};
		920BB61D2012014100B24CE1 /* Cell */ = {
			isa = PBXGroup;
			children = (
				920BB61E2012015200B24CE1 /* MTCCreateAccountCell.h */,
				920BB61F2012015200B24CE1 /* MTCCreateAccountCell.m */,
			);
			path = Cell;
			sourceTree = "<group>";
		};
		92267CE8204F854200DF7F71 /* MoreiTunesConnect_iOS_Extension */ = {
			isa = PBXGroup;
			children = (
				9252DD96204FCF9A00A85D3E /* iTunes */,
				92267D30204F9FDD00DF7F71 /* Utils */,
				92267CF8204F897000DF7F71 /* Library */,
				92267CF6204F855300DF7F71 /* MoreiTunesConnect_iOS_Extension.entitlements */,
				927A12AB205BA90A003DAC3E /* MoreiTunesConnect_iOS_Extension.md */,
			);
			path = MoreiTunesConnect_iOS_Extension;
			sourceTree = "<group>";
		};
		92267CF8204F897000DF7F71 /* Library */ = {
			isa = PBXGroup;
			children = (
				92267CF9204F897F00DF7F71 /* DWCategoryKit */,
			);
			path = Library;
			sourceTree = "<group>";
		};
		92267CF9204F897F00DF7F71 /* DWCategoryKit */ = {
			isa = PBXGroup;
			children = (
				92267D35204FA16500DF7F71 /* AESCrypt.h */,
				92267D34204FA16500DF7F71 /* AESCrypt.m */,
				92267CFA204F897F00DF7F71 /* DWCategoryKit.h */,
				92267CFB204F897F00DF7F71 /* NSString+Base64.m */,
				92267CFC204F897F00DF7F71 /* NSMutableArray+DWExtension.m */,
				92267CFE204F897F00DF7F71 /* UIView+DWExtension.m */,
				92267D00204F897F00DF7F71 /* Frame.h */,
				92267D02204F897F00DF7F71 /* NSDate+DWExtension.h */,
				92267D03204F897F00DF7F71 /* Color.h */,
				92267D06204F897F00DF7F71 /* NSData+Base64.h */,
				92267D07204F897F00DF7F71 /* NSArray+Log.h */,
				92267D08204F897F00DF7F71 /* NSData+CommonCrypto.h */,
				92267D0A204F897F00DF7F71 /* NSArray+DWExtension.m */,
				92267D0B204F897F00DF7F71 /* NSString+DWExtension.m */,
				92267D0C204F897F00DF7F71 /* DWOUTPUT.h */,
				92267D0E204F897F00DF7F71 /* UIView+DWExtension.h */,
				92267D0F204F897F00DF7F71 /* NSMutableArray+DWExtension.h */,
				92267D11204F897F00DF7F71 /* NSString+Base64.h */,
				92267D12204F897F00DF7F71 /* Font.h */,
				92267D13204F897F00DF7F71 /* NSDate+DWExtension.m */,
				92267D15204F897F00DF7F71 /* Property.h */,
				92267D16204F897F00DF7F71 /* Resources.bundle */,
				92267D17204F897F00DF7F71 /* NSString+DWExtension.h */,
				92267D18204F897F00DF7F71 /* NSArray+DWExtension.h */,
				92267D19204F897F00DF7F71 /* NSData+CommonCrypto.m */,
				92267D1B204F897F00DF7F71 /* NSArray+Log.m */,
				92267D1C204F897F00DF7F71 /* Image.h */,
				92267D1D204F897F00DF7F71 /* NSData+Base64.m */,
			);
			path = DWCategoryKit;
			sourceTree = "<group>";
		};
		92267D30204F9FDD00DF7F71 /* Utils */ = {
			isa = PBXGroup;
			children = (
				92267D31204F9FE900DF7F71 /* Public */,
			);
			path = Utils;
			sourceTree = "<group>";
		};
		92267D31204F9FE900DF7F71 /* Public */ = {
			isa = PBXGroup;
			children = (
				92267CEF204F854200DF7F71 /* Info.plist */,
				92267D32204FA04800DF7F71 /* MoreiTunesConnect_iOS_Extension.pch */,
				92267D33204FA0BC00DF7F71 /* MTCEHeader.h */,
			);
			path = Public;
			sourceTree = "<group>";
		};
		9252DD88204FB97500A85D3E /* Special */ = {
			isa = PBXGroup;
			children = (
				9252DD89204FB99300A85D3E /* Model */,
			);
			path = Special;
			sourceTree = "<group>";
		};
		9252DD89204FB99300A85D3E /* Model */ = {
			isa = PBXGroup;
			children = (
				9252DD8A204FB9A500A85D3E /* MTCSpecialModel.h */,
				9252DD8B204FB9A500A85D3E /* MTCSpecialModel.m */,
			);
			path = Model;
			sourceTree = "<group>";
		};
		9252DD96204FCF9A00A85D3E /* iTunes */ = {
			isa = PBXGroup;
			children = (
				9252DD98204FCFC500A85D3E /* View */,
				9252DD97204FCFA000A85D3E /* Controller */,
			);
			path = iTunes;
			sourceTree = "<group>";
		};
		9252DD97204FCFA000A85D3E /* Controller */ = {
			isa = PBXGroup;
			children = (
				92267CE9204F854200DF7F71 /* MTCEiTunesViewController.h */,
				92267CEA204F854200DF7F71 /* MTCEiTunesViewController.m */,
			);
			path = Controller;
			sourceTree = "<group>";
		};
		9252DD98204FCFC500A85D3E /* View */ = {
			isa = PBXGroup;
			children = (
				9252DD9D204FCFF800A85D3E /* MTCEiTunesView.h */,
				9252DD9E204FCFF800A85D3E /* MTCEiTunesView.m */,
			);
			path = View;
			sourceTree = "<group>";
		};
		925DBAA8205158AB0048F767 /* Library */ = {
			isa = PBXGroup;
			children = (
				92B7021B205D376E007B94C6 /* YDYFYSDK */,
				925DBAA9205158DD0048F767 /* JSPatchPlatform */,
			);
			path = Library;
			sourceTree = "<group>";
		};
		925DBAA9205158DD0048F767 /* JSPatchPlatform */ = {
			isa = PBXGroup;
			children = (
				925DBAAA205158DD0048F767 /* JSPatchPlatform.framework */,
			);
			path = JSPatchPlatform;
			sourceTree = "<group>";
		};
		926EA4A62014C0DC008F4554 /* UITableViewCell */ = {
			isa = PBXGroup;
			children = (
				926EA4A72014C0F8008F4554 /* UITableViewCell+MTCExtension.h */,
				926EA4A82014C0F8008F4554 /* UITableViewCell+MTCExtension.m */,
			);
			path = UITableViewCell;
			sourceTree = "<group>";
		};
		926EA4AA2014E5F8008F4554 /* Cell */ = {
			isa = PBXGroup;
			children = (
				926EA4AB2014E609008F4554 /* MTCAccountCell.h */,
				926EA4AC2014E609008F4554 /* MTCAccountCell.m */,
			);
			path = Cell;
			sourceTree = "<group>";
		};
		926EA4AE2015AD3B008F4554 /* iTunes */ = {
			isa = PBXGroup;
			children = (
				9203753E204BCCD500E23339 /* Model */,
				9203753A204BB84100E23339 /* View */,
				926EA4AF2015AD44008F4554 /* Controller */,
			);
			path = iTunes;
			sourceTree = "<group>";
		};
		926EA4AF2015AD44008F4554 /* Controller */ = {
			isa = PBXGroup;
			children = (
				92037531204BB3DB00E23339 /* MTCiTunesViewController.h */,
				92037532204BB3DB00E23339 /* MTCiTunesViewController.m */,
			);
			path = Controller;
			sourceTree = "<group>";
		};
		926EA4B3201617ED008F4554 /* NSString */ = {
			isa = PBXGroup;
			children = (
				926EA4B42016180E008F4554 /* NSString+MTCExtenison.h */,
				926EA4B52016180E008F4554 /* NSString+MTCExtenison.m */,
			);
			path = NSString;
			sourceTree = "<group>";
		};
		92745C97200E4FB3009DDF39 = {
			isa = PBXGroup;
			children = (
				92745CC0200E50C9009DDF39 /* MoreiTunesConnect-README.md */,
				92745CA2200E4FB3009DDF39 /* MoreiTunesConnect_iOS */,
				92267CE8204F854200DF7F71 /* MoreiTunesConnect_iOS_Extension */,
				92745CA1200E4FB3009DDF39 /* Products */,
				E6AF78E04A67B98695A5951C /* Pods */,
				A08A2458210D091D13055043 /* Frameworks */,
			);
			sourceTree = "<group>";
		};
		92745CA1200E4FB3009DDF39 /* Products */ = {
			isa = PBXGroup;
			children = (
				92745CA0200E4FB3009DDF39 /* MoreiTunesConnect_iOS.app */,
				92267CE5204F854200DF7F71 /* MoreiTunesConnect_iOS_Extension.appex */,
			);
			name = Products;
			sourceTree = "<group>";
		};
		92745CA2200E4FB3009DDF39 /* MoreiTunesConnect_iOS */ = {
			isa = PBXGroup;
			children = (
				92267CF7204F855B00DF7F71 /* MoreiTunesConnect_iOS.entitlements */,
				925DBAA8205158AB0048F767 /* Library */,
				92037579204C1A3D00E23339 /* Network */,
				92745CBF200E509F009DDF39 /* Base */,
				92745CBE200E506C009DDF39 /* Function */,
				92745CBA200E4FFC009DDF39 /* Utils */,
				92745CB9200E4FEE009DDF39 /* AppDelegate */,
				92745CAC200E4FB3009DDF39 /* Assets.xcassets */,
			);
			path = MoreiTunesConnect_iOS;
			sourceTree = "<group>";
		};
		92745CB9200E4FEE009DDF39 /* AppDelegate */ = {
			isa = PBXGroup;
			children = (
				92745CA3200E4FB3009DDF39 /* AppDelegate.h */,
				92745CA4200E4FB3009DDF39 /* AppDelegate.m */,
			);
			path = AppDelegate;
			sourceTree = "<group>";
		};
		92745CBA200E4FFC009DDF39 /* Utils */ = {
			isa = PBXGroup;
			children = (
				920BB6102011FA2700B24CE1 /* Sql */,
				92E79F01200FADFA002A2257 /* Category */,
				92E79EF7200FA294002A2257 /* Configuration */,
				92745CBB200E5005009DDF39 /* Public */,
			);
			path = Utils;
			sourceTree = "<group>";
		};
		92745CBB200E5005009DDF39 /* Public */ = {
			isa = PBXGroup;
			children = (
				92745CB1200E4FB3009DDF39 /* Info.plist */,
				92745CB2200E4FB3009DDF39 /* main.m */,
				92745CBC200E5032009DDF39 /* Launch Screen.storyboard */,
				920BB5F12011E91A00B24CE1 /* MTCOutPut.h */,
				92E79EED200FA075002A2257 /* MTCHeader.h */,
				920A848C205D66A0002CFC21 /* MTCHOST.h */,
				920A848B205D6608002CFC21 /* MTCKEY.h */,
				92E79EE8200F9D82002A2257 /* MoreiTunesConnect_iOS.pch */,
				92E79EFB200FAA8A002A2257 /* Resources.xcassets */,
			);
			path = Public;
			sourceTree = "<group>";
		};
		92745CBE200E506C009DDF39 /* Function */ = {
			isa = PBXGroup;
			children = (
				9279AFA320724D4F00C073CA /* WKWeb */,
				9279AF99207230EC00C073CA /* Status */,
				92F6A394206539EA00984307 /* NotFocus */,
				920A8490205FAD0E002CFC21 /* Keyword&Preview */,
				927A12AD205BAEC6003DAC3E /* ResolutionCenter */,
				9252DD88204FB97500A85D3E /* Special */,
				928CDDF9204D4DE900544C92 /* Set */,
				926EA4AE2015AD3B008F4554 /* iTunes */,
				920BB6142011FD3D00B24CE1 /* CreateAccount */,
				92E79EF2200FA21F002A2257 /* Account */,
			);
			path = Function;
			sourceTree = "<group>";
		};
		92745CBF200E509F009DDF39 /* Base */ = {
			isa = PBXGroup;
			children = (
				92F6A3AA20655C5A00984307 /* ActivityViewController */,
				928CDDFE204D4E1900544C92 /* TabBarViewController */,
				92E79EEE200FA0EC002A2257 /* NavigationController */,
				92E79EE9200F9F5E002A2257 /* ViewController */,
			);
			path = Base;
			sourceTree = "<group>";
		};
		9279AF99207230EC00C073CA /* Status */ = {
			isa = PBXGroup;
			children = (
				9279AF9E207238DF00C073CA /* Model */,
				9279AFA22072403B00C073CA /* View */,
				9279AF9A2072310700C073CA /* Controller */,
			);
			path = Status;
			sourceTree = "<group>";
		};
		9279AF9A2072310700C073CA /* Controller */ = {
			isa = PBXGroup;
			children = (
				9279AF9B2072312900C073CA /* MTCStatusViewController.h */,
				9279AF9C2072312900C073CA /* MTCStatusViewController.m */,
			);
			path = Controller;
			sourceTree = "<group>";
		};
		9279AF9E207238DF00C073CA /* Model */ = {
			isa = PBXGroup;
			children = (
				9279AF9F207238EE00C073CA /* MTCStatusModel.h */,
				9279AFA0207238EE00C073CA /* MTCStatusModel.m */,
			);
			path = Model;
			sourceTree = "<group>";
		};
		9279AFA22072403B00C073CA /* View */ = {
			isa = PBXGroup;
			children = (
				9279AFAA2072757D00C073CA /* Cell */,
				9279AFA720725B1E00C073CA /* MTCStatusView.h */,
				9279AFA820725B1E00C073CA /* MTCStatusView.m */,
			);
			path = View;
			sourceTree = "<group>";
		};
		9279AFA320724D4F00C073CA /* WKWeb */ = {
			isa = PBXGroup;
			children = (
				9279AFA420724D7800C073CA /* MTCWKWebViewController.h */,
				9279AFA520724D7800C073CA /* MTCWKWebViewController.m */,
			);
			path = WKWeb;
			sourceTree = "<group>";
		};
		9279AFAA2072757D00C073CA /* Cell */ = {
			isa = PBXGroup;
			children = (
				922B054E207319B9002D5928 /* MTCStatusCell.h */,
				922B054F207319B9002D5928 /* MTCStatusCell.m */,
			);
			path = Cell;
			sourceTree = "<group>";
		};
		927A12AD205BAEC6003DAC3E /* ResolutionCenter */ = {
			isa = PBXGroup;
			children = (
				927A12B6205BB517003DAC3E /* Model */,
				927A12AF205BAEDC003DAC3E /* View */,
				927A12AE205BAED6003DAC3E /* Controller */,
			);
			path = ResolutionCenter;
			sourceTree = "<group>";
		};
		927A12AE205BAED6003DAC3E /* Controller */ = {
			isa = PBXGroup;
			children = (
				927A12BA205BF667003DAC3E /* MTCResolutionCenterViewController.h */,
				927A12BB205BF667003DAC3E /* MTCResolutionCenterViewController.m */,
			);
			path = Controller;
			sourceTree = "<group>";
		};
		927A12AF205BAEDC003DAC3E /* View */ = {
			isa = PBXGroup;
			children = (
				927A12BD205BF898003DAC3E /* MTCResolutionCenterView.h */,
				927A12BE205BF898003DAC3E /* MTCResolutionCenterView.m */,
			);
			path = View;
			sourceTree = "<group>";
		};
		927A12B6205BB517003DAC3E /* Model */ = {
			isa = PBXGroup;
			children = (
				927A12C0205BF8A5003DAC3E /* MTCResolutionCenterModel.h */,
				927A12C1205BF8A5003DAC3E /* MTCResolutionCenterModel.m */,
			);
			path = Model;
			sourceTree = "<group>";
		};
		928CDDF9204D4DE900544C92 /* Set */ = {
			isa = PBXGroup;
			children = (
				928CDE02204D6CA600544C92 /* View */,
				928CDDFA204D4DF000544C92 /* Controller */,
			);
			path = Set;
			sourceTree = "<group>";
		};
		928CDDFA204D4DF000544C92 /* Controller */ = {
			isa = PBXGroup;
			children = (
				928CDDFB204D4E0A00544C92 /* MTCSetViewController.h */,
				928CDDFC204D4E0A00544C92 /* MTCSetViewController.m */,
			);
			path = Controller;
			sourceTree = "<group>";
		};
		928CDDFE204D4E1900544C92 /* TabBarViewController */ = {
			isa = PBXGroup;
			children = (
				928CDDFF204D4E3C00544C92 /* MTCBaseTabBarViewController.h */,
				928CDE00204D4E3C00544C92 /* MTCBaseTabBarViewController.m */,
			);
			path = TabBarViewController;
			sourceTree = "<group>";
		};
		928CDE02204D6CA600544C92 /* View */ = {
			isa = PBXGroup;
			children = (
				928CDE03204D6D0F00544C92 /* MTCSetView.h */,
				928CDE04204D6D0F00544C92 /* MTCSetView.m */,
			);
			path = View;
			sourceTree = "<group>";
		};
		92B7021B205D376E007B94C6 /* YDYFYSDK */ = {
			isa = PBXGroup;
			children = (
				92B7021C205D376E007B94C6 /* libonline.a */,
				92B7021E205D376E007B94C6 /* libbase.a */,
				92B7021D205D376E007B94C6 /* FanYiSDK.h */,
			);
			path = YDYFYSDK;
			sourceTree = "<group>";
		};
		92E79EE9200F9F5E002A2257 /* ViewController */ = {
			isa = PBXGroup;
			children = (
				92E79EEA200F9F8B002A2257 /* MTCBaseViewController.h */,
				92E79EEB200F9F8B002A2257 /* MTCBaseViewController.m */,
			);
			path = ViewController;
			sourceTree = "<group>";
		};
		92E79EEE200FA0EC002A2257 /* NavigationController */ = {
			isa = PBXGroup;
			children = (
				92E79EEF200FA10C002A2257 /* MTCBaseNavigationController.h */,
				92E79EF0200FA10C002A2257 /* MTCBaseNavigationController.m */,
			);
			path = NavigationController;
			sourceTree = "<group>";
		};
		92E79EF2200FA21F002A2257 /* Account */ = {
			isa = PBXGroup;
			children = (
				92E79F06200FB551002A2257 /* Model */,
				92E79EFD200FADDD002A2257 /* View */,
				92E79EF3200FA226002A2257 /* Controller */,
			);
			path = Account;
			sourceTree = "<group>";
		};
		92E79EF3200FA226002A2257 /* Controller */ = {
			isa = PBXGroup;
			children = (
				92E79EF4200FA239002A2257 /* MTCAccountViewController.h */,
				92E79EF5200FA239002A2257 /* MTCAccountViewController.m */,
			);
			path = Controller;
			sourceTree = "<group>";
		};
		92E79EF7200FA294002A2257 /* Configuration */ = {
			isa = PBXGroup;
			children = (
				92E79EF8200FA29F002A2257 /* QMUIConfigurationTemplate.h */,
				92E79EF9200FA29F002A2257 /* QMUIConfigurationTemplate.m */,
			);
			path = Configuration;
			sourceTree = "<group>";
		};
		92E79EFD200FADDD002A2257 /* View */ = {
			isa = PBXGroup;
			children = (
				926EA4AA2014E5F8008F4554 /* Cell */,
				92E79EFE200FADF2002A2257 /* MTCAccountView.h */,
				92E79EFF200FADF2002A2257 /* MTCAccountView.m */,
			);
			path = View;
			sourceTree = "<group>";
		};
		92E79F01200FADFA002A2257 /* Category */ = {
			isa = PBXGroup;
			children = (
				926EA4B3201617ED008F4554 /* NSString */,
				926EA4A62014C0DC008F4554 /* UITableViewCell */,
				92E79F02200FAE13002A2257 /* QMUITableView */,
			);
			path = Category;
			sourceTree = "<group>";
		};
		92E79F02200FAE13002A2257 /* QMUITableView */ = {
			isa = PBXGroup;
			children = (
				92E79F03200FAE3E002A2257 /* QMUITableView+MTCExtension.h */,
				92E79F04200FAE3E002A2257 /* QMUITableView+MTCExtension.m */,
			);
			path = QMUITableView;
			sourceTree = "<group>";
		};
		92E79F06200FB551002A2257 /* Model */ = {
			isa = PBXGroup;
			children = (
				92E79F07200FB562002A2257 /* MTCAccountModel.h */,
				92E79F08200FB562002A2257 /* MTCAccountModel.m */,
			);
			path = Model;
			sourceTree = "<group>";
		};
		92F6A394206539EA00984307 /* NotFocus */ = {
			isa = PBXGroup;
			children = (
				92F6A39F206543BF00984307 /* View */,
				92F6A39920653A7600984307 /* Controller */,
				92F6A39520653A1300984307 /* Model */,
			);
			path = NotFocus;
			sourceTree = "<group>";
		};
		92F6A39520653A1300984307 /* Model */ = {
			isa = PBXGroup;
			children = (
				92F6A39620653A2B00984307 /* MTCNotFocusModel.h */,
				92F6A39720653A2B00984307 /* MTCNotFocusModel.m */,
			);
			path = Model;
			sourceTree = "<group>";
		};
		92F6A39920653A7600984307 /* Controller */ = {
			isa = PBXGroup;
			children = (
				92F6A39A20653A8900984307 /* MTCNotFocusViewController.h */,
				92F6A39B20653A8900984307 /* MTCNotFocusViewController.m */,
			);
			path = Controller;
			sourceTree = "<group>";
		};
		92F6A39F206543BF00984307 /* View */ = {
			isa = PBXGroup;
			children = (
				92F6A3A32065495700984307 /* Cell */,
				92F6A3A0206543D500984307 /* MTCNotFocusView.h */,
				92F6A3A1206543D500984307 /* MTCNotFocusView.m */,
			);
			path = View;
			sourceTree = "<group>";
		};
		92F6A3A32065495700984307 /* Cell */ = {
			isa = PBXGroup;
			children = (
				92F6A3A42065497400984307 /* MTCNotFocusCell.h */,
				92F6A3A52065497400984307 /* MTCNotFocusCell.m */,
			);
			path = Cell;
			sourceTree = "<group>";
		};
		92F6A3AA20655C5A00984307 /* ActivityViewController */ = {
			isa = PBXGroup;
			children = (
				92F6A3A720655BD700984307 /* MTCActivityViewController.h */,
				92F6A3A820655BD700984307 /* MTCActivityViewController.m */,
			);
			path = ActivityViewController;
			sourceTree = "<group>";
		};
		A08A2458210D091D13055043 /* Frameworks */ = {
			isa = PBXGroup;
			children = (
				92F6A39D206543A800984307 /* Social.framework */,
				92B70225205D38DD007B94C6 /* AdSupport.framework */,
				92B70223205D37BD007B94C6 /* SystemConfiguration.framework */,
				92B70221205D37B4007B94C6 /* CoreTelephony.framework */,
				925DBAAE2051590E0048F767 /* JavaScriptCore.framework */,
				925DBAAC205159080048F767 /* libz.tbd */,
				92037538204BB57500E23339 /* libsqlite3.tbd */,
				92037536204BB56D00E23339 /* Foundation.framework */,
				92037534204BB56800E23339 /* UIKit.framework */,
				926EA4A42014B779008F4554 /* MobileCoreServices.framework */,
				92267CE6204F854200DF7F71 /* NotificationCenter.framework */,
				7DFF428F05B8AD44BCE20F02 /* libPods-MoreiTunesConnect_iOS.a */,
				EA06BAC097CD0F7E464CAF45 /* libPods-MoreiTunesConnect_iOS_Extension.a */,
			);
			name = Frameworks;
			sourceTree = "<group>";
		};
		E6AF78E04A67B98695A5951C /* Pods */ = {
			isa = PBXGroup;
			children = (
				A523B738FAE7FC83A6317D77 /* Pods-MoreiTunesConnect_iOS.debug.xcconfig */,
				A6EA84047DE158182FBD0265 /* Pods-MoreiTunesConnect_iOS.release.xcconfig */,
				7C37A0D4E8B9E660DB7699E3 /* Pods-MoreiTunesConnect_iOS_Extension.debug.xcconfig */,
				0BC75BF6BC80414663D71F06 /* Pods-MoreiTunesConnect_iOS_Extension.release.xcconfig */,
			);
			name = Pods;
			sourceTree = "<group>";
		};
/* End PBXGroup section */

/* Begin PBXNativeTarget section */
		92267CE4204F854200DF7F71 /* MoreiTunesConnect_iOS_Extension */ = {
			isa = PBXNativeTarget;
			buildConfigurationList = 92267CF3204F854200DF7F71 /* Build configuration list for PBXNativeTarget "MoreiTunesConnect_iOS_Extension" */;
			buildPhases = (
				DB5E0461BDEB503E6D35526A /* [CP] Check Pods Manifest.lock */,
				92267CE1204F854200DF7F71 /* Sources */,
				92267CE2204F854200DF7F71 /* Frameworks */,
				92267CE3204F854200DF7F71 /* Resources */,
				A6AD5B95F11DEA40787A5ED9 /* [CP] Copy Pods Resources */,
			);
			buildRules = (
			);
			dependencies = (
			);
			name = MoreiTunesConnect_iOS_Extension;
			productName = MoreiTunesConnect_iOS_Extension;
			productReference = 92267CE5204F854200DF7F71 /* MoreiTunesConnect_iOS_Extension.appex */;
			productType = "com.apple.product-type.app-extension";
		};
		92745C9F200E4FB3009DDF39 /* MoreiTunesConnect_iOS */ = {
			isa = PBXNativeTarget;
			buildConfigurationList = 92745CB6200E4FB3009DDF39 /* Build configuration list for PBXNativeTarget "MoreiTunesConnect_iOS" */;
			buildPhases = (
				A3E89B9999ECB79FA8D20F83 /* [CP] Check Pods Manifest.lock */,
				92745C9C200E4FB3009DDF39 /* Sources */,
				92745C9D200E4FB3009DDF39 /* Frameworks */,
				92745C9E200E4FB3009DDF39 /* Resources */,
				1E6F60B97E24B0801AC1B326 /* [CP] Embed Pods Frameworks */,
				0A8D4E94525C7A7C7C7E6DE7 /* [CP] Copy Pods Resources */,
				92267CCC204F840200DF7F71 /* Embed App Extensions */,
			);
			buildRules = (
			);
			dependencies = (
				92267CF1204F854200DF7F71 /* PBXTargetDependency */,
			);
			name = MoreiTunesConnect_iOS;
			productName = DoubleiTunes;
			productReference = 92745CA0200E4FB3009DDF39 /* MoreiTunesConnect_iOS.app */;
			productType = "com.apple.product-type.application";
		};
/* End PBXNativeTarget section */

/* Begin PBXProject section */
		92745C98200E4FB3009DDF39 /* Project object */ = {
			isa = PBXProject;
			attributes = {
				CLASSPREFIX = MTC;
				LastUpgradeCheck = 0920;
				ORGANIZATIONNAME = CoderDwang;
				TargetAttributes = {
					92267CE4204F854200DF7F71 = {
						CreatedOnToolsVersion = 9.2;
						ProvisioningStyle = Automatic;
						SystemCapabilities = {
							com.apple.ApplicationGroups.iOS = {
								enabled = 0;
							};
						};
					};
					92745C9F200E4FB3009DDF39 = {
						CreatedOnToolsVersion = 9.2;
						ProvisioningStyle = Automatic;
						SystemCapabilities = {
							com.apple.ApplicationGroups.iOS = {
								enabled = 0;
							};
						};
					};
				};
			};
			buildConfigurationList = 92745C9B200E4FB3009DDF39 /* Build configuration list for PBXProject "MoreiTunesConnect_iOS" */;
			compatibilityVersion = "Xcode 8.0";
			developmentRegion = en;
			hasScannedForEncodings = 0;
			knownRegions = (
				en,
				Base,
			);
			mainGroup = 92745C97200E4FB3009DDF39;
			productRefGroup = 92745CA1200E4FB3009DDF39 /* Products */;
			projectDirPath = "";
			projectRoot = "";
			targets = (
				92745C9F200E4FB3009DDF39 /* MoreiTunesConnect_iOS */,
				92267CE4204F854200DF7F71 /* MoreiTunesConnect_iOS_Extension */,
			);
		};
/* End PBXProject section */

/* Begin PBXResourcesBuildPhase section */
		92267CE3204F854200DF7F71 /* Resources */ = {
			isa = PBXResourcesBuildPhase;
			buildActionMask = 2147483647;
			files = (
				927A12AC205BA90A003DAC3E /* MoreiTunesConnect_iOS_Extension.md in Resources */,
				92267D2B204F897F00DF7F71 /* Resources.bundle in Resources */,
			);
			runOnlyForDeploymentPostprocessing = 0;
		};
		92745C9E200E4FB3009DDF39 /* Resources */ = {
			isa = PBXResourcesBuildPhase;
			buildActionMask = 2147483647;
			files = (
				92E79EFC200FAA8A002A2257 /* Resources.xcassets in Resources */,
				92745CBD200E5032009DDF39 /* Launch Screen.storyboard in Resources */,
				92745CAD200E4FB3009DDF39 /* Assets.xcassets in Resources */,
			);
			runOnlyForDeploymentPostprocessing = 0;
		};
/* End PBXResourcesBuildPhase section */

/* Begin PBXShellScriptBuildPhase section */
		0A8D4E94525C7A7C7C7E6DE7 /* [CP] Copy Pods Resources */ = {
			isa = PBXShellScriptBuildPhase;
			buildActionMask = 2147483647;
			files = (
			);
			inputPaths = (
				"${SRCROOT}/Pods/Target Support Files/Pods-MoreiTunesConnect_iOS/Pods-MoreiTunesConnect_iOS-resources.sh",
				"${PODS_ROOT}/DWCategoryKit/DWCategoryKit/Resources.bundle",
				"${PODS_ROOT}/DWUNlock/DWUNlock/Resources.bundle",
				"${PODS_ROOT}/IQKeyboardManager/IQKeyboardManager/Resources/IQKeyboardManager.bundle",
				"${PODS_CONFIGURATION_BUILD_DIR}/ISMessages/ISMessages.bundle",
				"${PODS_ROOT}/MJRefresh/MJRefresh/MJRefresh.bundle",
				"${PODS_ROOT}/QMUIKit/QMUIKit/QMUIResources/QMUIResources.bundle",
			);
			name = "[CP] Copy Pods Resources";
			outputPaths = (
				"${TARGET_BUILD_DIR}/${UNLOCALIZED_RESOURCES_FOLDER_PATH}/Resources.bundle",
				"${TARGET_BUILD_DIR}/${UNLOCALIZED_RESOURCES_FOLDER_PATH}/IQKeyboardManager.bundle",
				"${TARGET_BUILD_DIR}/${UNLOCALIZED_RESOURCES_FOLDER_PATH}/ISMessages.bundle",
				"${TARGET_BUILD_DIR}/${UNLOCALIZED_RESOURCES_FOLDER_PATH}/MJRefresh.bundle",
				"${TARGET_BUILD_DIR}/${UNLOCALIZED_RESOURCES_FOLDER_PATH}/QMUIResources.bundle",
			);
			runOnlyForDeploymentPostprocessing = 0;
			shellPath = /bin/sh;
			shellScript = "\"${SRCROOT}/Pods/Target Support Files/Pods-MoreiTunesConnect_iOS/Pods-MoreiTunesConnect_iOS-resources.sh\"\n";
			showEnvVarsInLog = 0;
		};
		1E6F60B97E24B0801AC1B326 /* [CP] Embed Pods Frameworks */ = {
			isa = PBXShellScriptBuildPhase;
			buildActionMask = 2147483647;
			files = (
			);
			inputPaths = (
			);
			name = "[CP] Embed Pods Frameworks";
			outputPaths = (
			);
			runOnlyForDeploymentPostprocessing = 0;
			shellPath = /bin/sh;
			shellScript = "\"${SRCROOT}/Pods/Target Support Files/Pods-MoreiTunesConnect_iOS/Pods-MoreiTunesConnect_iOS-frameworks.sh\"\n";
			showEnvVarsInLog = 0;
		};
		A3E89B9999ECB79FA8D20F83 /* [CP] Check Pods Manifest.lock */ = {
			isa = PBXShellScriptBuildPhase;
			buildActionMask = 2147483647;
			files = (
			);
			inputPaths = (
				"${PODS_PODFILE_DIR_PATH}/Podfile.lock",
				"${PODS_ROOT}/Manifest.lock",
			);
			name = "[CP] Check Pods Manifest.lock";
			outputPaths = (
				"$(DERIVED_FILE_DIR)/Pods-MoreiTunesConnect_iOS-checkManifestLockResult.txt",
			);
			runOnlyForDeploymentPostprocessing = 0;
			shellPath = /bin/sh;
			shellScript = "diff \"${PODS_PODFILE_DIR_PATH}/Podfile.lock\" \"${PODS_ROOT}/Manifest.lock\" > /dev/null\nif [ $? != 0 ] ; then\n    # print error to STDERR\n    echo \"error: The sandbox is not in sync with the Podfile.lock. Run 'pod install' or update your CocoaPods installation.\" >&2\n    exit 1\nfi\n# This output is used by Xcode 'outputs' to avoid re-running this script phase.\necho \"SUCCESS\" > \"${SCRIPT_OUTPUT_FILE_0}\"\n";
			showEnvVarsInLog = 0;
		};
		A6AD5B95F11DEA40787A5ED9 /* [CP] Copy Pods Resources */ = {
			isa = PBXShellScriptBuildPhase;
			buildActionMask = 2147483647;
			files = (
			);
			inputPaths = (
				"${SRCROOT}/Pods/Target Support Files/Pods-MoreiTunesConnect_iOS_Extension/Pods-MoreiTunesConnect_iOS_Extension-resources.sh",
				"${PODS_ROOT}/DWCategoryKit/DWCategoryKit/Resources.bundle",
			);
			name = "[CP] Copy Pods Resources";
			outputPaths = (
				"${TARGET_BUILD_DIR}/${UNLOCALIZED_RESOURCES_FOLDER_PATH}/Resources.bundle",
			);
			runOnlyForDeploymentPostprocessing = 0;
			shellPath = /bin/sh;
			shellScript = "\"${SRCROOT}/Pods/Target Support Files/Pods-MoreiTunesConnect_iOS_Extension/Pods-MoreiTunesConnect_iOS_Extension-resources.sh\"\n";
			showEnvVarsInLog = 0;
		};
		DB5E0461BDEB503E6D35526A /* [CP] Check Pods Manifest.lock */ = {
			isa = PBXShellScriptBuildPhase;
			buildActionMask = 2147483647;
			files = (
			);
			inputPaths = (
				"${PODS_PODFILE_DIR_PATH}/Podfile.lock",
				"${PODS_ROOT}/Manifest.lock",
			);
			name = "[CP] Check Pods Manifest.lock";
			outputPaths = (
				"$(DERIVED_FILE_DIR)/Pods-MoreiTunesConnect_iOS_Extension-checkManifestLockResult.txt",
			);
			runOnlyForDeploymentPostprocessing = 0;
			shellPath = /bin/sh;
			shellScript = "diff \"${PODS_PODFILE_DIR_PATH}/Podfile.lock\" \"${PODS_ROOT}/Manifest.lock\" > /dev/null\nif [ $? != 0 ] ; then\n    # print error to STDERR\n    echo \"error: The sandbox is not in sync with the Podfile.lock. Run 'pod install' or update your CocoaPods installation.\" >&2\n    exit 1\nfi\n# This output is used by Xcode 'outputs' to avoid re-running this script phase.\necho \"SUCCESS\" > \"${SCRIPT_OUTPUT_FILE_0}\"\n";
			showEnvVarsInLog = 0;
		};
/* End PBXShellScriptBuildPhase section */

/* Begin PBXSourcesBuildPhase section */
		92267CE1204F854200DF7F71 /* Sources */ = {
			isa = PBXSourcesBuildPhase;
			buildActionMask = 2147483647;
			files = (
				92267D2D204F897F00DF7F71 /* NSArray+Log.m in Sources */,
				9252DD9F204FCFF800A85D3E /* MTCEiTunesView.m in Sources */,
				92267D2E204F897F00DF7F71 /* NSData+Base64.m in Sources */,
				92267D20204F897F00DF7F71 /* NSString+Base64.m in Sources */,
				92267D2C204F897F00DF7F71 /* NSData+CommonCrypto.m in Sources */,
				9252DD91204FC88000A85D3E /* MTCiTunesAppsModel.m in Sources */,
				92267D29204F897F00DF7F71 /* NSDate+DWExtension.m in Sources */,
				92267D36204FA16500DF7F71 /* AESCrypt.m in Sources */,
				9252DD8D204FB9A500A85D3E /* MTCSpecialModel.m in Sources */,
				9252DD87204FA68100A85D3E /* MTCSqlManager.m in Sources */,
				92267D21204F897F00DF7F71 /* NSMutableArray+DWExtension.m in Sources */,
				92267D26204F897F00DF7F71 /* NSArray+DWExtension.m in Sources */,
				92267D27204F897F00DF7F71 /* NSString+DWExtension.m in Sources */,
				92267CEB204F854200DF7F71 /* MTCEiTunesViewController.m in Sources */,
				9252DD95204FC8ED00A85D3E /* MTCNetwork.m in Sources */,
				92267D22204F897F00DF7F71 /* UIView+DWExtension.m in Sources */,
			);
			runOnlyForDeploymentPostprocessing = 0;
		};
		92745C9C200E4FB3009DDF39 /* Sources */ = {
			isa = PBXSourcesBuildPhase;
			buildActionMask = 2147483647;
			files = (
				927A12BF205BF898003DAC3E /* MTCResolutionCenterView.m in Sources */,
				9203753D204BB85900E23339 /* MTCiTunesView.m in Sources */,
				92745CB3200E4FB3009DDF39 /* main.m in Sources */,
				928CDE01204D4E3C00544C92 /* MTCBaseTabBarViewController.m in Sources */,
				922B0550207319B9002D5928 /* MTCStatusCell.m in Sources */,
				92E79EEC200F9F8B002A2257 /* MTCBaseViewController.m in Sources */,
				92E79F00200FADF2002A2257 /* MTCAccountView.m in Sources */,
				9203755F204BDC5A00E23339 /* MTCiTunesAppsCell.m in Sources */,
				920A8494205FAD6E002CFC21 /* MTCKPViewController.m in Sources */,
				920BB61C2011FDC300B24CE1 /* MTCCreateAccountView.m in Sources */,
				92F6A39C20653A8900984307 /* MTCNotFocusViewController.m in Sources */,
				9279AFA1207238EE00C073CA /* MTCStatusModel.m in Sources */,
				92F6A3A920655BD700984307 /* MTCActivityViewController.m in Sources */,
				9279AF9D2072312900C073CA /* MTCStatusViewController.m in Sources */,
				92E79F09200FB562002A2257 /* MTCAccountModel.m in Sources */,
				92E79EFA200FA29F002A2257 /* QMUIConfigurationTemplate.m in Sources */,
				92E79EF1200FA10C002A2257 /* MTCBaseNavigationController.m in Sources */,
				927A12C2205BF8A5003DAC3E /* MTCResolutionCenterModel.m in Sources */,
				927A12BC205BF667003DAC3E /* MTCResolutionCenterViewController.m in Sources */,
				920BB6202012015200B24CE1 /* MTCCreateAccountCell.m in Sources */,
				92E79F05200FAE3E002A2257 /* QMUITableView+MTCExtension.m in Sources */,
				92F6A39820653A2B00984307 /* MTCNotFocusModel.m in Sources */,
				9279AFA920725B1E00C073CA /* MTCStatusView.m in Sources */,
				9279AFA620724D7800C073CA /* MTCWKWebViewController.m in Sources */,
				92745CA5200E4FB3009DDF39 /* AppDelegate.m in Sources */,
				920A8499205FC20F002CFC21 /* MTCKPModel.m in Sources */,
				9252DD8C204FB9A500A85D3E /* MTCSpecialModel.m in Sources */,
				9252DD90204FC88000A85D3E /* MTCiTunesAppsModel.m in Sources */,
				92037533204BB3DB00E23339 /* MTCiTunesViewController.m in Sources */,
				926EA4A92014C0F8008F4554 /* UITableViewCell+MTCExtension.m in Sources */,
				926EA4AD2014E609008F4554 /* MTCAccountCell.m in Sources */,
				92F6A3A62065497400984307 /* MTCNotFocusCell.m in Sources */,
				9252DD86204FA68100A85D3E /* MTCSqlManager.m in Sources */,
				928CDDFD204D4E0A00544C92 /* MTCSetViewController.m in Sources */,
				928369A4206296A7005E6A5C /* MTCKPView.m in Sources */,
				92E79EF6200FA239002A2257 /* MTCAccountViewController.m in Sources */,
				926EA4B62016180E008F4554 /* NSString+MTCExtenison.m in Sources */,
				928CDE05204D6D0F00544C92 /* MTCSetView.m in Sources */,
				9252DD94204FC8ED00A85D3E /* MTCNetwork.m in Sources */,
				920BB6182011FD8900B24CE1 /* MTCCreateAccountViewController.m in Sources */,
				92F6A3A2206543D500984307 /* MTCNotFocusView.m in Sources */,
			);
			runOnlyForDeploymentPostprocessing = 0;
		};
/* End PBXSourcesBuildPhase section */

/* Begin PBXTargetDependency section */
		92267CF1204F854200DF7F71 /* PBXTargetDependency */ = {
			isa = PBXTargetDependency;
			target = 92267CE4204F854200DF7F71 /* MoreiTunesConnect_iOS_Extension */;
			targetProxy = 92267CF0204F854200DF7F71 /* PBXContainerItemProxy */;
		};
/* End PBXTargetDependency section */

/* Begin XCBuildConfiguration section */
		92267CF4204F854200DF7F71 /* Debug */ = {
			isa = XCBuildConfiguration;
			baseConfigurationReference = 7C37A0D4E8B9E660DB7699E3 /* Pods-MoreiTunesConnect_iOS_Extension.debug.xcconfig */;
			buildSettings = {
				CODE_SIGN_STYLE = Automatic;
				DEVELOPMENT_TEAM = H6UC2J8G72;
				GCC_PREFIX_HEADER = "$(SRCROOT)/MoreiTunesConnect_iOS_Extension/Utils/Public/MoreiTunesConnect_iOS_Extension.pch";
				INFOPLIST_FILE = "$(SRCROOT)/MoreiTunesConnect_iOS_Extension/Utils/Public/Info.plist";
				IPHONEOS_DEPLOYMENT_TARGET = 8.0;
				LD_RUNPATH_SEARCH_PATHS = "$(inherited) @executable_path/Frameworks @executable_path/../../Frameworks";
				PRODUCT_BUNDLE_IDENTIFIER = "com.cd.MoreiTunesConnect-iOS.MoreiTunesConnect-iOS-Extension";
				PRODUCT_NAME = "$(TARGET_NAME)";
				SKIP_INSTALL = YES;
				TARGETED_DEVICE_FAMILY = "1,2";
			};
			name = Debug;
		};
		92267CF5204F854200DF7F71 /* Release */ = {
			isa = XCBuildConfiguration;
			baseConfigurationReference = 0BC75BF6BC80414663D71F06 /* Pods-MoreiTunesConnect_iOS_Extension.release.xcconfig */;
			buildSettings = {
				CODE_SIGN_STYLE = Automatic;
				DEVELOPMENT_TEAM = H6UC2J8G72;
				GCC_PREFIX_HEADER = "$(SRCROOT)/MoreiTunesConnect_iOS_Extension/Utils/Public/MoreiTunesConnect_iOS_Extension.pch";
				INFOPLIST_FILE = "$(SRCROOT)/MoreiTunesConnect_iOS_Extension/Utils/Public/Info.plist";
				IPHONEOS_DEPLOYMENT_TARGET = 8.0;
				LD_RUNPATH_SEARCH_PATHS = "$(inherited) @executable_path/Frameworks @executable_path/../../Frameworks";
				PRODUCT_BUNDLE_IDENTIFIER = "com.cd.MoreiTunesConnect-iOS.MoreiTunesConnect-iOS-Extension";
				PRODUCT_NAME = "$(TARGET_NAME)";
				SKIP_INSTALL = YES;
				TARGETED_DEVICE_FAMILY = "1,2";
			};
			name = Release;
		};
		92745CB4200E4FB3009DDF39 /* Debug */ = {
			isa = XCBuildConfiguration;
			buildSettings = {
				ALWAYS_SEARCH_USER_PATHS = NO;
				CLANG_ANALYZER_NONNULL = YES;
				CLANG_ANALYZER_NUMBER_OBJECT_CONVERSION = YES_AGGRESSIVE;
				CLANG_CXX_LANGUAGE_STANDARD = "gnu++14";
				CLANG_CXX_LIBRARY = "libc++";
				CLANG_ENABLE_MODULES = YES;
				CLANG_ENABLE_OBJC_ARC = YES;
				CLANG_WARN_BLOCK_CAPTURE_AUTORELEASING = YES;
				CLANG_WARN_BOOL_CONVERSION = YES;
				CLANG_WARN_COMMA = YES;
				CLANG_WARN_CONSTANT_CONVERSION = YES;
				CLANG_WARN_DIRECT_OBJC_ISA_USAGE = YES_ERROR;
				CLANG_WARN_DOCUMENTATION_COMMENTS = YES;
				CLANG_WARN_EMPTY_BODY = YES;
				CLANG_WARN_ENUM_CONVERSION = YES;
				CLANG_WARN_INFINITE_RECURSION = YES;
				CLANG_WARN_INT_CONVERSION = YES;
				CLANG_WARN_NON_LITERAL_NULL_CONVERSION = YES;
				CLANG_WARN_OBJC_LITERAL_CONVERSION = YES;
				CLANG_WARN_OBJC_ROOT_CLASS = YES_ERROR;
				CLANG_WARN_RANGE_LOOP_ANALYSIS = YES;
				CLANG_WARN_STRICT_PROTOTYPES = YES;
				CLANG_WARN_SUSPICIOUS_MOVE = YES;
				CLANG_WARN_UNGUARDED_AVAILABILITY = YES_AGGRESSIVE;
				CLANG_WARN_UNREACHABLE_CODE = YES;
				CLANG_WARN__DUPLICATE_METHOD_MATCH = YES;
				CODE_SIGN_IDENTITY = "iPhone Developer";
				COPY_PHASE_STRIP = NO;
				DEBUG_INFORMATION_FORMAT = dwarf;
				ENABLE_STRICT_OBJC_MSGSEND = YES;
				ENABLE_TESTABILITY = YES;
				GCC_C_LANGUAGE_STANDARD = gnu11;
				GCC_DYNAMIC_NO_PIC = NO;
				GCC_NO_COMMON_BLOCKS = YES;
				GCC_OPTIMIZATION_LEVEL = 0;
				GCC_PREPROCESSOR_DEFINITIONS = (
					"DEBUG=1",
					"$(inherited)",
				);
				GCC_WARN_64_TO_32_BIT_CONVERSION = YES;
				GCC_WARN_ABOUT_RETURN_TYPE = YES_ERROR;
				GCC_WARN_UNDECLARED_SELECTOR = YES;
				GCC_WARN_UNINITIALIZED_AUTOS = YES_AGGRESSIVE;
				GCC_WARN_UNUSED_FUNCTION = YES;
				GCC_WARN_UNUSED_VARIABLE = YES;
				IPHONEOS_DEPLOYMENT_TARGET = 11.2;
				MTL_ENABLE_DEBUG_INFO = YES;
				ONLY_ACTIVE_ARCH = YES;
				SDKROOT = iphoneos;
			};
			name = Debug;
		};
		92745CB5200E4FB3009DDF39 /* Release */ = {
			isa = XCBuildConfiguration;
			buildSettings = {
				ALWAYS_SEARCH_USER_PATHS = NO;
				CLANG_ANALYZER_NONNULL = YES;
				CLANG_ANALYZER_NUMBER_OBJECT_CONVERSION = YES_AGGRESSIVE;
				CLANG_CXX_LANGUAGE_STANDARD = "gnu++14";
				CLANG_CXX_LIBRARY = "libc++";
				CLANG_ENABLE_MODULES = YES;
				CLANG_ENABLE_OBJC_ARC = YES;
				CLANG_WARN_BLOCK_CAPTURE_AUTORELEASING = YES;
				CLANG_WARN_BOOL_CONVERSION = YES;
				CLANG_WARN_COMMA = YES;
				CLANG_WARN_CONSTANT_CONVERSION = YES;
				CLANG_WARN_DIRECT_OBJC_ISA_USAGE = YES_ERROR;
				CLANG_WARN_DOCUMENTATION_COMMENTS = YES;
				CLANG_WARN_EMPTY_BODY = YES;
				CLANG_WARN_ENUM_CONVERSION = YES;
				CLANG_WARN_INFINITE_RECURSION = YES;
				CLANG_WARN_INT_CONVERSION = YES;
				CLANG_WARN_NON_LITERAL_NULL_CONVERSION = YES;
				CLANG_WARN_OBJC_LITERAL_CONVERSION = YES;
				CLANG_WARN_OBJC_ROOT_CLASS = YES_ERROR;
				CLANG_WARN_RANGE_LOOP_ANALYSIS = YES;
				CLANG_WARN_STRICT_PROTOTYPES = YES;
				CLANG_WARN_SUSPICIOUS_MOVE = YES;
				CLANG_WARN_UNGUARDED_AVAILABILITY = YES_AGGRESSIVE;
				CLANG_WARN_UNREACHABLE_CODE = YES;
				CLANG_WARN__DUPLICATE_METHOD_MATCH = YES;
				CODE_SIGN_IDENTITY = "iPhone Developer";
				COPY_PHASE_STRIP = NO;
				DEBUG_INFORMATION_FORMAT = "dwarf-with-dsym";
				ENABLE_NS_ASSERTIONS = NO;
				ENABLE_STRICT_OBJC_MSGSEND = YES;
				GCC_C_LANGUAGE_STANDARD = gnu11;
				GCC_NO_COMMON_BLOCKS = YES;
				GCC_WARN_64_TO_32_BIT_CONVERSION = YES;
				GCC_WARN_ABOUT_RETURN_TYPE = YES_ERROR;
				GCC_WARN_UNDECLARED_SELECTOR = YES;
				GCC_WARN_UNINITIALIZED_AUTOS = YES_AGGRESSIVE;
				GCC_WARN_UNUSED_FUNCTION = YES;
				GCC_WARN_UNUSED_VARIABLE = YES;
				IPHONEOS_DEPLOYMENT_TARGET = 11.2;
				MTL_ENABLE_DEBUG_INFO = NO;
				SDKROOT = iphoneos;
				VALIDATE_PRODUCT = YES;
			};
			name = Release;
		};
		92745CB7200E4FB3009DDF39 /* Debug */ = {
			isa = XCBuildConfiguration;
			baseConfigurationReference = A523B738FAE7FC83A6317D77 /* Pods-MoreiTunesConnect_iOS.debug.xcconfig */;
			buildSettings = {
				ASSETCATALOG_COMPILER_APPICON_NAME = AppIcon;
				CODE_SIGN_STYLE = Automatic;
				DEVELOPMENT_TEAM = H6UC2J8G72;
				FRAMEWORK_SEARCH_PATHS = (
					"$(inherited)",
					"$(PROJECT_DIR)/MoreiTunesConnect_iOS/Library/JSPatchPlatform",
				);
				GCC_PREFIX_HEADER = "$(SRCROOT)/$(PROJECT_NAME)/Utils/Public/$(PROJECT_NAME).pch";
				INFOPLIST_FILE = "$(SRCROOT)/MoreiTunesConnect_iOS/Utils/Public/Info.plist";
				IPHONEOS_DEPLOYMENT_TARGET = 8.0;
				LD_RUNPATH_SEARCH_PATHS = "$(inherited) @executable_path/Frameworks";
				LIBRARY_SEARCH_PATHS = (
					"$(inherited)",
					"$(PROJECT_DIR)/MoreiTunesConnect_iOS/Library/YDYFYSDK",
				);
				PRODUCT_BUNDLE_IDENTIFIER = "com.cd.MoreiTunesConnect-iOS";
				PRODUCT_NAME = "$(TARGET_NAME)";
				TARGETED_DEVICE_FAMILY = "1,2";
			};
			name = Debug;
		};
		92745CB8200E4FB3009DDF39 /* Release */ = {
			isa = XCBuildConfiguration;
			baseConfigurationReference = A6EA84047DE158182FBD0265 /* Pods-MoreiTunesConnect_iOS.release.xcconfig */;
			buildSettings = {
				ASSETCATALOG_COMPILER_APPICON_NAME = AppIcon;
				CODE_SIGN_STYLE = Automatic;
				DEVELOPMENT_TEAM = H6UC2J8G72;
				FRAMEWORK_SEARCH_PATHS = (
					"$(inherited)",
					"$(PROJECT_DIR)/MoreiTunesConnect_iOS/Library/JSPatchPlatform",
				);
				GCC_PREFIX_HEADER = "$(SRCROOT)/$(PROJECT_NAME)/Utils/Public/$(PROJECT_NAME).pch";
				INFOPLIST_FILE = "$(SRCROOT)/MoreiTunesConnect_iOS/Utils/Public/Info.plist";
				IPHONEOS_DEPLOYMENT_TARGET = 8.0;
				LD_RUNPATH_SEARCH_PATHS = "$(inherited) @executable_path/Frameworks";
				LIBRARY_SEARCH_PATHS = (
					"$(inherited)",
					"$(PROJECT_DIR)/MoreiTunesConnect_iOS/Library/YDYFYSDK",
				);
				PRODUCT_BUNDLE_IDENTIFIER = "com.cd.MoreiTunesConnect-iOS";
				PRODUCT_NAME = "$(TARGET_NAME)";
				TARGETED_DEVICE_FAMILY = "1,2";
			};
			name = Release;
		};
/* End XCBuildConfiguration section */

/* Begin XCConfigurationList section */
		92267CF3204F854200DF7F71 /* Build configuration list for PBXNativeTarget "MoreiTunesConnect_iOS_Extension" */ = {
			isa = XCConfigurationList;
			buildConfigurations = (
				92267CF4204F854200DF7F71 /* Debug */,
				92267CF5204F854200DF7F71 /* Release */,
			);
			defaultConfigurationIsVisible = 0;
			defaultConfigurationName = Release;
		};
		92745C9B200E4FB3009DDF39 /* Build configuration list for PBXProject "MoreiTunesConnect_iOS" */ = {
			isa = XCConfigurationList;
			buildConfigurations = (
				92745CB4200E4FB3009DDF39 /* Debug */,
				92745CB5200E4FB3009DDF39 /* Release */,
			);
			defaultConfigurationIsVisible = 0;
			defaultConfigurationName = Release;
		};
		92745CB6200E4FB3009DDF39 /* Build configuration list for PBXNativeTarget "MoreiTunesConnect_iOS" */ = {
			isa = XCConfigurationList;
			buildConfigurations = (
				92745CB7200E4FB3009DDF39 /* Debug */,
				92745CB8200E4FB3009DDF39 /* Release */,
			);
			defaultConfigurationIsVisible = 0;
			defaultConfigurationName = Release;
		};
/* End XCConfigurationList section */
	};
	rootObject = 92745C98200E4FB3009DDF39 /* Project object */;
}
